// !$*UTF8*$!
{
	archiveVersion = 1;
	classes = {
	};
	objectVersion = 46;
	objects = {

/* Begin PBXBuildFile section */
		22BB0258F7FF4740B82A5881 /* libPods.a in Frameworks */ = {isa = PBXBuildFile; fileRef = D3A6D4B45940492A9973C4BC /* libPods.a */; };
		3A1BB836199BB94B00888298 /* MessageUI.framework in Frameworks */ = {isa = PBXBuildFile; fileRef = 3A1BB835199BB94B00888298 /* MessageUI.framework */; };
		3A367EC019921DE2004B6F13 /* CloudKitDao.m in Sources */ = {isa = PBXBuildFile; fileRef = 3A367EBF19921DE2004B6F13 /* CloudKitDao.m */; };
		3A367EC31992233E004B6F13 /* DeviceViewController.m in Sources */ = {isa = PBXBuildFile; fileRef = 3A367EC21992233E004B6F13 /* DeviceViewController.m */; };
		3A51A8EE19DD625F003626CE /* DecisionViewController.m in Sources */ = {isa = PBXBuildFile; fileRef = 3A51A8ED19DD625F003626CE /* DecisionViewController.m */; };
		3A51A8F119DD77EF003626CE /* UserNamePickerViewController.m in Sources */ = {isa = PBXBuildFile; fileRef = 3A51A8F019DD77EF003626CE /* UserNamePickerViewController.m */; };
		3A51A8F419DD8A07003626CE /* CreatePersonViewController.m in Sources */ = {isa = PBXBuildFile; fileRef = 3A51A8F319DD8A07003626CE /* CreatePersonViewController.m */; };
		3A5E178119654AC700681289 /* Foundation.framework in Frameworks */ = {isa = PBXBuildFile; fileRef = 3A5E178019654AC700681289 /* Foundation.framework */; };
		3A5E178319654AC700681289 /* CoreGraphics.framework in Frameworks */ = {isa = PBXBuildFile; fileRef = 3A5E178219654AC700681289 /* CoreGraphics.framework */; };
		3A5E178519654AC700681289 /* UIKit.framework in Frameworks */ = {isa = PBXBuildFile; fileRef = 3A5E178419654AC700681289 /* UIKit.framework */; };
		3A5E178B19654AC700681289 /* InfoPlist.strings in Resources */ = {isa = PBXBuildFile; fileRef = 3A5E178919654AC700681289 /* InfoPlist.strings */; };
		3A5E178D19654AC700681289 /* main.m in Sources */ = {isa = PBXBuildFile; fileRef = 3A5E178C19654AC700681289 /* main.m */; };
		3A5E179119654AC700681289 /* AppDelegate.m in Sources */ = {isa = PBXBuildFile; fileRef = 3A5E179019654AC700681289 /* AppDelegate.m */; };
		3A5E179319654AC700681289 /* Images.xcassets in Resources */ = {isa = PBXBuildFile; fileRef = 3A5E179219654AC700681289 /* Images.xcassets */; };
		3A5E179A19654AC700681289 /* XCTest.framework in Frameworks */ = {isa = PBXBuildFile; fileRef = 3A5E179919654AC700681289 /* XCTest.framework */; };
		3A5E179B19654AC700681289 /* Foundation.framework in Frameworks */ = {isa = PBXBuildFile; fileRef = 3A5E178019654AC700681289 /* Foundation.framework */; };
		3A5E179C19654AC700681289 /* UIKit.framework in Frameworks */ = {isa = PBXBuildFile; fileRef = 3A5E178419654AC700681289 /* UIKit.framework */; };
		3A5E17A419654AC700681289 /* InfoPlist.strings in Resources */ = {isa = PBXBuildFile; fileRef = 3A5E17A219654AC700681289 /* InfoPlist.strings */; };
		3A5E17A619654AC700681289 /* Device_CabinetTests.m in Sources */ = {isa = PBXBuildFile; fileRef = 3A5E17A519654AC700681289 /* Device_CabinetTests.m */; };
		3A5E17B119654AED00681289 /* Person.m in Sources */ = {isa = PBXBuildFile; fileRef = 3A5E17B019654AED00681289 /* Person.m */; };
		3A5E17B419654AF900681289 /* Device.m in Sources */ = {isa = PBXBuildFile; fileRef = 3A5E17B319654AF900681289 /* Device.m */; };
		3A5E17BC19654BBE00681289 /* Main.storyboard in Resources */ = {isa = PBXBuildFile; fileRef = 3A5E17BB19654BBE00681289 /* Main.storyboard */; };
		3A5E21AF196E86E20021CB13 /* CreateDeviceViewController.m in Sources */ = {isa = PBXBuildFile; fileRef = 3A5E21AE196E86E20021CB13 /* CreateDeviceViewController.m */; };
		3A7F0BE619E2DDCE000F3DF2 /* HandleBeacon.m in Sources */ = {isa = PBXBuildFile; fileRef = 3A7F0BE519E2DDCE000F3DF2 /* HandleBeacon.m */; };
		3A7F0BE919E2DF97000F3DF2 /* BeaconNotificationRegion.m in Sources */ = {isa = PBXBuildFile; fileRef = 3A7F0BE819E2DF97000F3DF2 /* BeaconNotificationRegion.m */; };
		3A7F0BEC19E2E075000F3DF2 /* BeaconDemoAppDelegate.m in Sources */ = {isa = PBXBuildFile; fileRef = 3A7F0BEB19E2E075000F3DF2 /* BeaconDemoAppDelegate.m */; };
		3A84063619A1F04D007E3A6B /* UIdGenerator.m in Sources */ = {isa = PBXBuildFile; fileRef = 3A84063519A1F04D007E3A6B /* UIdGenerator.m */; };
		3A84064219A206DD007E3A6B /* Security.framework in Frameworks */ = {isa = PBXBuildFile; fileRef = 3A84064119A206DD007E3A6B /* Security.framework */; };
		3AA2EC7019B5ACE5007D1147 /* placeholder_image.png in Resources */ = {isa = PBXBuildFile; fileRef = 3AA2EC6F19B5ACE5007D1147 /* placeholder_image.png */; };
		3AA2EC7519B5D5BF007D1147 /* RailsApiDao.m in Sources */ = {isa = PBXBuildFile; fileRef = 3AA2EC7419B5D5BF007D1147 /* RailsApiDao.m */; };
		3ABD090D19AC715900ED86C0 /* CloudKitManagerTestCase.m in Sources */ = {isa = PBXBuildFile; fileRef = 3ABD090C19AC715900ED86C0 /* CloudKitManagerTestCase.m */; };
		3AC5A813198FB19C00576854 /* OverviewViewController.m in Sources */ = {isa = PBXBuildFile; fileRef = 3AC5A812198FB19C00576854 /* OverviewViewController.m */; };
		3AE15A3819AB6D440003BF60 /* PersonTestCase.m in Sources */ = {isa = PBXBuildFile; fileRef = 3AE15A3719AB6D440003BF60 /* PersonTestCase.m */; };
		3AE15A3A19AB6F970003BF60 /* ErrorMapperTestCase.m in Sources */ = {isa = PBXBuildFile; fileRef = 3AE15A3919AB6F970003BF60 /* ErrorMapperTestCase.m */; };
		3AE15A3C19AB71D60003BF60 /* UserDefaultsTestCase.m in Sources */ = {isa = PBXBuildFile; fileRef = 3AE15A3B19AB71D60003BF60 /* UserDefaultsTestCase.m */; };
		3AE15A3E19AB751F0003BF60 /* UIdGeneratorTestCase.m in Sources */ = {isa = PBXBuildFile; fileRef = 3AE15A3D19AB751F0003BF60 /* UIdGeneratorTestCase.m */; };
		3AE15A4119AB7BBD0003BF60 /* DeviceViewTestCase.m in Sources */ = {isa = PBXBuildFile; fileRef = 3AE15A4019AB7BBD0003BF60 /* DeviceViewTestCase.m */; };
		3AE45F1419A73D3700FFCB3E /* CloudKitErrorMapper.m in Sources */ = {isa = PBXBuildFile; fileRef = 3AE45F1319A73D3700FFCB3E /* CloudKitErrorMapper.m */; };
		3AEA37F7199CA763001AAF71 /* UserDefaults.m in Sources */ = {isa = PBXBuildFile; fileRef = 3AEA37F6199CA763001AAF71 /* UserDefaults.m */; };
		3AEA37FD199CBD76001AAF71 /* Localizable.strings in Resources */ = {isa = PBXBuildFile; fileRef = 3AEA37FF199CBD76001AAF71 /* Localizable.strings */; };
		58F60DB70C28412EA2B6599D /* libPods.a in Frameworks */ = {isa = PBXBuildFile; fileRef = D3A6D4B45940492A9973C4BC /* libPods.a */; };
		95AFE3BD19C62E9700CF1217 /* RailsApiErrorMapper.m in Sources */ = {isa = PBXBuildFile; fileRef = 95AFE3BC19C62E9700CF1217 /* RailsApiErrorMapper.m */; };
/* End PBXBuildFile section */

/* Begin PBXContainerItemProxy section */
		3A1BB831199BB92200888298 /* PBXContainerItemProxy */ = {
			isa = PBXContainerItemProxy;
			containerPortal = 3A5E177519654AC700681289 /* Project object */;
			proxyType = 1;
			remoteGlobalIDString = 3A5E177C19654AC700681289;
			remoteInfo = "Device Cabinet";
		};
		3A1BB833199BB92200888298 /* PBXContainerItemProxy */ = {
			isa = PBXContainerItemProxy;
			containerPortal = 3A5E177519654AC700681289 /* Project object */;
			proxyType = 1;
			remoteGlobalIDString = 3A5E177C19654AC700681289;
			remoteInfo = "Device Cabinet";
		};
		3A5E179D19654AC700681289 /* PBXContainerItemProxy */ = {
			isa = PBXContainerItemProxy;
			containerPortal = 3A5E177519654AC700681289 /* Project object */;
			proxyType = 1;
			remoteGlobalIDString = 3A5E177C19654AC700681289;
			remoteInfo = "Device Cabinet";
		};
		3AAC5C9E197E6E49006D26CE /* PBXContainerItemProxy */ = {
			isa = PBXContainerItemProxy;
			containerPortal = 3A5E177519654AC700681289 /* Project object */;
			proxyType = 1;
			remoteGlobalIDString = 3A5E177C19654AC700681289;
			remoteInfo = "Device Cabinet";
		};
		3AAC5CA0197E6E49006D26CE /* PBXContainerItemProxy */ = {
			isa = PBXContainerItemProxy;
			containerPortal = 3A5E177519654AC700681289 /* Project object */;
			proxyType = 1;
			remoteGlobalIDString = 3A5E177C19654AC700681289;
			remoteInfo = "Device Cabinet";
		};
/* End PBXContainerItemProxy section */

/* Begin PBXFileReference section */
		19E8A0D3227D45BBA4DD749B /* Pods.xcconfig */ = {isa = PBXFileReference; includeInIndex = 1; lastKnownFileType = text.xcconfig; name = Pods.xcconfig; path = Pods/Pods.xcconfig; sourceTree = "<group>"; };
		3A1BB835199BB94B00888298 /* MessageUI.framework */ = {isa = PBXFileReference; lastKnownFileType = wrapper.framework; name = MessageUI.framework; path = System/Library/Frameworks/MessageUI.framework; sourceTree = SDKROOT; };
		3A367EBE19921DE2004B6F13 /* CloudKitDao.h */ = {isa = PBXFileReference; fileEncoding = 4; lastKnownFileType = sourcecode.c.h; path = CloudKitDao.h; sourceTree = "<group>"; };
		3A367EBF19921DE2004B6F13 /* CloudKitDao.m */ = {isa = PBXFileReference; fileEncoding = 4; lastKnownFileType = sourcecode.c.objc; path = CloudKitDao.m; sourceTree = "<group>"; };
		3A367EC11992233E004B6F13 /* DeviceViewController.h */ = {isa = PBXFileReference; fileEncoding = 4; lastKnownFileType = sourcecode.c.h; name = DeviceViewController.h; path = ../DeviceViewController.h; sourceTree = "<group>"; };
		3A367EC21992233E004B6F13 /* DeviceViewController.m */ = {isa = PBXFileReference; fileEncoding = 4; lastKnownFileType = sourcecode.c.objc; name = DeviceViewController.m; path = ../DeviceViewController.m; sourceTree = "<group>"; };
		3A51A8EC19DD625F003626CE /* DecisionViewController.h */ = {isa = PBXFileReference; fileEncoding = 4; lastKnownFileType = sourcecode.c.h; path = DecisionViewController.h; sourceTree = "<group>"; };
		3A51A8ED19DD625F003626CE /* DecisionViewController.m */ = {isa = PBXFileReference; fileEncoding = 4; lastKnownFileType = sourcecode.c.objc; path = DecisionViewController.m; sourceTree = "<group>"; };
		3A51A8EF19DD77EF003626CE /* UserNamePickerViewController.h */ = {isa = PBXFileReference; fileEncoding = 4; lastKnownFileType = sourcecode.c.h; path = UserNamePickerViewController.h; sourceTree = "<group>"; };
		3A51A8F019DD77EF003626CE /* UserNamePickerViewController.m */ = {isa = PBXFileReference; fileEncoding = 4; lastKnownFileType = sourcecode.c.objc; path = UserNamePickerViewController.m; sourceTree = "<group>"; };
		3A51A8F219DD8A07003626CE /* CreatePersonViewController.h */ = {isa = PBXFileReference; fileEncoding = 4; lastKnownFileType = sourcecode.c.h; path = CreatePersonViewController.h; sourceTree = "<group>"; };
		3A51A8F319DD8A07003626CE /* CreatePersonViewController.m */ = {isa = PBXFileReference; fileEncoding = 4; lastKnownFileType = sourcecode.c.objc; path = CreatePersonViewController.m; sourceTree = "<group>"; };
		3A5E177D19654AC700681289 /* Device Cabinet.app */ = {isa = PBXFileReference; explicitFileType = wrapper.application; includeInIndex = 0; path = "Device Cabinet.app"; sourceTree = BUILT_PRODUCTS_DIR; };
		3A5E178019654AC700681289 /* Foundation.framework */ = {isa = PBXFileReference; lastKnownFileType = wrapper.framework; name = Foundation.framework; path = System/Library/Frameworks/Foundation.framework; sourceTree = SDKROOT; };
		3A5E178219654AC700681289 /* CoreGraphics.framework */ = {isa = PBXFileReference; lastKnownFileType = wrapper.framework; name = CoreGraphics.framework; path = System/Library/Frameworks/CoreGraphics.framework; sourceTree = SDKROOT; };
		3A5E178419654AC700681289 /* UIKit.framework */ = {isa = PBXFileReference; lastKnownFileType = wrapper.framework; name = UIKit.framework; path = System/Library/Frameworks/UIKit.framework; sourceTree = SDKROOT; };
		3A5E178819654AC700681289 /* Device Cabinet-Info.plist */ = {isa = PBXFileReference; lastKnownFileType = text.plist.xml; path = "Device Cabinet-Info.plist"; sourceTree = "<group>"; };
		3A5E178A19654AC700681289 /* en */ = {isa = PBXFileReference; lastKnownFileType = text.plist.strings; name = en; path = en.lproj/InfoPlist.strings; sourceTree = "<group>"; };
		3A5E178C19654AC700681289 /* main.m */ = {isa = PBXFileReference; lastKnownFileType = sourcecode.c.objc; path = main.m; sourceTree = "<group>"; };
		3A5E178E19654AC700681289 /* Device Cabinet-Prefix.pch */ = {isa = PBXFileReference; lastKnownFileType = sourcecode.c.h; path = "Device Cabinet-Prefix.pch"; sourceTree = "<group>"; };
		3A5E178F19654AC700681289 /* AppDelegate.h */ = {isa = PBXFileReference; lastKnownFileType = sourcecode.c.h; path = AppDelegate.h; sourceTree = "<group>"; };
		3A5E179019654AC700681289 /* AppDelegate.m */ = {isa = PBXFileReference; lastKnownFileType = sourcecode.c.objc; path = AppDelegate.m; sourceTree = "<group>"; };
		3A5E179219654AC700681289 /* Images.xcassets */ = {isa = PBXFileReference; lastKnownFileType = folder.assetcatalog; path = Images.xcassets; sourceTree = "<group>"; };
		3A5E179819654AC700681289 /* Device CabinetTests.xctest */ = {isa = PBXFileReference; explicitFileType = wrapper.cfbundle; includeInIndex = 0; path = "Device CabinetTests.xctest"; sourceTree = BUILT_PRODUCTS_DIR; };
		3A5E179919654AC700681289 /* XCTest.framework */ = {isa = PBXFileReference; lastKnownFileType = wrapper.framework; name = XCTest.framework; path = Library/Frameworks/XCTest.framework; sourceTree = DEVELOPER_DIR; };
		3A5E17A119654AC700681289 /* Device CabinetTests-Info.plist */ = {isa = PBXFileReference; lastKnownFileType = text.plist.xml; path = "Device CabinetTests-Info.plist"; sourceTree = "<group>"; };
		3A5E17A319654AC700681289 /* en */ = {isa = PBXFileReference; lastKnownFileType = text.plist.strings; name = en; path = en.lproj/InfoPlist.strings; sourceTree = "<group>"; };
		3A5E17A519654AC700681289 /* Device_CabinetTests.m */ = {isa = PBXFileReference; lastKnownFileType = sourcecode.c.objc; path = Device_CabinetTests.m; sourceTree = "<group>"; };
		3A5E17AF19654AED00681289 /* Person.h */ = {isa = PBXFileReference; fileEncoding = 4; lastKnownFileType = sourcecode.c.h; path = Person.h; sourceTree = "<group>"; };
		3A5E17B019654AED00681289 /* Person.m */ = {isa = PBXFileReference; fileEncoding = 4; lastKnownFileType = sourcecode.c.objc; path = Person.m; sourceTree = "<group>"; };
		3A5E17B219654AF900681289 /* Device.h */ = {isa = PBXFileReference; fileEncoding = 4; lastKnownFileType = sourcecode.c.h; path = Device.h; sourceTree = "<group>"; };
		3A5E17B319654AF900681289 /* Device.m */ = {isa = PBXFileReference; fileEncoding = 4; lastKnownFileType = sourcecode.c.objc; path = Device.m; sourceTree = "<group>"; };
		3A5E17BB19654BBE00681289 /* Main.storyboard */ = {isa = PBXFileReference; fileEncoding = 4; lastKnownFileType = file.storyboard; name = Main.storyboard; path = "Device Cabinet/Main.storyboard"; sourceTree = "<group>"; };
		3A5E21AD196E86E20021CB13 /* CreateDeviceViewController.h */ = {isa = PBXFileReference; fileEncoding = 4; lastKnownFileType = sourcecode.c.h; path = CreateDeviceViewController.h; sourceTree = SOURCE_ROOT; };
		3A5E21AE196E86E20021CB13 /* CreateDeviceViewController.m */ = {isa = PBXFileReference; fileEncoding = 4; lastKnownFileType = sourcecode.c.objc; path = CreateDeviceViewController.m; sourceTree = SOURCE_ROOT; };
		3A7F0BE419E2DDCE000F3DF2 /* HandleBeacon.h */ = {isa = PBXFileReference; fileEncoding = 4; lastKnownFileType = sourcecode.c.h; path = HandleBeacon.h; sourceTree = "<group>"; };
		3A7F0BE519E2DDCE000F3DF2 /* HandleBeacon.m */ = {isa = PBXFileReference; fileEncoding = 4; lastKnownFileType = sourcecode.c.objc; path = HandleBeacon.m; sourceTree = "<group>"; };
		3A7F0BE719E2DF97000F3DF2 /* BeaconNotificationRegion.h */ = {isa = PBXFileReference; fileEncoding = 4; lastKnownFileType = sourcecode.c.h; path = BeaconNotificationRegion.h; sourceTree = "<group>"; };
		3A7F0BE819E2DF97000F3DF2 /* BeaconNotificationRegion.m */ = {isa = PBXFileReference; fileEncoding = 4; lastKnownFileType = sourcecode.c.objc; path = BeaconNotificationRegion.m; sourceTree = "<group>"; };
		3A7F0BEA19E2E075000F3DF2 /* BeaconDemoAppDelegate.h */ = {isa = PBXFileReference; fileEncoding = 4; lastKnownFileType = sourcecode.c.h; path = BeaconDemoAppDelegate.h; sourceTree = "<group>"; };
		3A7F0BEB19E2E075000F3DF2 /* BeaconDemoAppDelegate.m */ = {isa = PBXFileReference; fileEncoding = 4; lastKnownFileType = sourcecode.c.objc; path = BeaconDemoAppDelegate.m; sourceTree = "<group>"; };
		3A84063419A1F04D007E3A6B /* UIdGenerator.h */ = {isa = PBXFileReference; fileEncoding = 4; lastKnownFileType = sourcecode.c.h; path = UIdGenerator.h; sourceTree = "<group>"; };
		3A84063519A1F04D007E3A6B /* UIdGenerator.m */ = {isa = PBXFileReference; fileEncoding = 4; lastKnownFileType = sourcecode.c.objc; path = UIdGenerator.m; sourceTree = "<group>"; };
		3A84064119A206DD007E3A6B /* Security.framework */ = {isa = PBXFileReference; lastKnownFileType = wrapper.framework; name = Security.framework; path = System/Library/Frameworks/Security.framework; sourceTree = SDKROOT; };
		3AA2EC6F19B5ACE5007D1147 /* placeholder_image.png */ = {isa = PBXFileReference; lastKnownFileType = image.png; path = placeholder_image.png; sourceTree = SOURCE_ROOT; };
		3AA2EC7319B5D5BF007D1147 /* RailsApiDao.h */ = {isa = PBXFileReference; fileEncoding = 4; lastKnownFileType = sourcecode.c.h; path = RailsApiDao.h; sourceTree = "<group>"; };
		3AA2EC7419B5D5BF007D1147 /* RailsApiDao.m */ = {isa = PBXFileReference; fileEncoding = 4; lastKnownFileType = sourcecode.c.objc; path = RailsApiDao.m; sourceTree = "<group>"; };
		3AB5D5DE19A3484200D71CD2 /* de */ = {isa = PBXFileReference; lastKnownFileType = text.plist.strings; name = de; path = de.lproj/Localizable.strings; sourceTree = "<group>"; };
		3ABD090C19AC715900ED86C0 /* CloudKitManagerTestCase.m */ = {isa = PBXFileReference; fileEncoding = 4; lastKnownFileType = sourcecode.c.objc; path = CloudKitManagerTestCase.m; sourceTree = "<group>"; };
		3AC5A811198FB19C00576854 /* OverviewViewController.h */ = {isa = PBXFileReference; fileEncoding = 4; lastKnownFileType = sourcecode.c.h; name = OverviewViewController.h; path = ../OverviewViewController.h; sourceTree = "<group>"; };
		3AC5A812198FB19C00576854 /* OverviewViewController.m */ = {isa = PBXFileReference; fileEncoding = 4; lastKnownFileType = sourcecode.c.objc; name = OverviewViewController.m; path = ../OverviewViewController.m; sourceTree = "<group>"; };
		3AE15A3719AB6D440003BF60 /* PersonTestCase.m */ = {isa = PBXFileReference; fileEncoding = 4; lastKnownFileType = sourcecode.c.objc; path = PersonTestCase.m; sourceTree = "<group>"; };
		3AE15A3919AB6F970003BF60 /* ErrorMapperTestCase.m */ = {isa = PBXFileReference; fileEncoding = 4; lastKnownFileType = sourcecode.c.objc; path = ErrorMapperTestCase.m; sourceTree = "<group>"; };
		3AE15A3B19AB71D60003BF60 /* UserDefaultsTestCase.m */ = {isa = PBXFileReference; fileEncoding = 4; lastKnownFileType = sourcecode.c.objc; path = UserDefaultsTestCase.m; sourceTree = "<group>"; };
		3AE15A3D19AB751F0003BF60 /* UIdGeneratorTestCase.m */ = {isa = PBXFileReference; fileEncoding = 4; lastKnownFileType = sourcecode.c.objc; path = UIdGeneratorTestCase.m; sourceTree = "<group>"; };
		3AE15A4019AB7BBD0003BF60 /* DeviceViewTestCase.m */ = {isa = PBXFileReference; fileEncoding = 4; lastKnownFileType = sourcecode.c.objc; path = DeviceViewTestCase.m; sourceTree = "<group>"; };
		3AE45F1219A73D3700FFCB3E /* CloudKitErrorMapper.h */ = {isa = PBXFileReference; fileEncoding = 4; lastKnownFileType = sourcecode.c.h; path = CloudKitErrorMapper.h; sourceTree = "<group>"; };
		3AE45F1319A73D3700FFCB3E /* CloudKitErrorMapper.m */ = {isa = PBXFileReference; fileEncoding = 4; lastKnownFileType = sourcecode.c.objc; path = CloudKitErrorMapper.m; sourceTree = "<group>"; };
		3AEA37F5199CA763001AAF71 /* UserDefaults.h */ = {isa = PBXFileReference; fileEncoding = 4; lastKnownFileType = sourcecode.c.h; path = UserDefaults.h; sourceTree = "<group>"; };
		3AEA37F6199CA763001AAF71 /* UserDefaults.m */ = {isa = PBXFileReference; fileEncoding = 4; lastKnownFileType = sourcecode.c.objc; path = UserDefaults.m; sourceTree = "<group>"; };
		3AEA37FB199CBD4D001AAF71 /* de */ = {isa = PBXFileReference; lastKnownFileType = text.plist.strings; name = de; path = de.lproj/InfoPlist.strings; sourceTree = "<group>"; };
		3AEA37FC199CBD4D001AAF71 /* de */ = {isa = PBXFileReference; lastKnownFileType = text.plist.strings; name = de; path = de.lproj/InfoPlist.strings; sourceTree = "<group>"; };
		7D02BFC51973DE7F00E16DE8 /* Device Cabinet.entitlements */ = {isa = PBXFileReference; lastKnownFileType = text.xml; path = "Device Cabinet.entitlements"; sourceTree = "<group>"; };
		9562A03B19A3C96800233528 /* en */ = {isa = PBXFileReference; lastKnownFileType = text.plist.strings; name = en; path = en.lproj/Localizable.strings; sourceTree = "<group>"; };
		959A964519B7877F0041FCEE /* DeviceCabinetDAO.h */ = {isa = PBXFileReference; lastKnownFileType = sourcecode.c.h; path = DeviceCabinetDAO.h; sourceTree = "<group>"; };
		95AFE3BB19C62E9700CF1217 /* RailsApiErrorMapper.h */ = {isa = PBXFileReference; fileEncoding = 4; lastKnownFileType = sourcecode.c.h; path = RailsApiErrorMapper.h; sourceTree = "<group>"; };
		95AFE3BC19C62E9700CF1217 /* RailsApiErrorMapper.m */ = {isa = PBXFileReference; fileEncoding = 4; lastKnownFileType = sourcecode.c.objc; path = RailsApiErrorMapper.m; sourceTree = "<group>"; };
		D3A6D4B45940492A9973C4BC /* libPods.a */ = {isa = PBXFileReference; explicitFileType = archive.ar; includeInIndex = 0; path = libPods.a; sourceTree = BUILT_PRODUCTS_DIR; };
/* End PBXFileReference section */

/* Begin PBXFrameworksBuildPhase section */
		3A5E177A19654AC700681289 /* Frameworks */ = {
			isa = PBXFrameworksBuildPhase;
			buildActionMask = 2147483647;
			files = (
				3A84064219A206DD007E3A6B /* Security.framework in Frameworks */,
				3A1BB836199BB94B00888298 /* MessageUI.framework in Frameworks */,
				3A5E178319654AC700681289 /* CoreGraphics.framework in Frameworks */,
				3A5E178519654AC700681289 /* UIKit.framework in Frameworks */,
				3A5E178119654AC700681289 /* Foundation.framework in Frameworks */,
				58F60DB70C28412EA2B6599D /* libPods.a in Frameworks */,
			);
			runOnlyForDeploymentPostprocessing = 0;
		};
		3A5E179519654AC700681289 /* Frameworks */ = {
			isa = PBXFrameworksBuildPhase;
			buildActionMask = 2147483647;
			files = (
				3A5E179A19654AC700681289 /* XCTest.framework in Frameworks */,
				3A5E179C19654AC700681289 /* UIKit.framework in Frameworks */,
				3A5E179B19654AC700681289 /* Foundation.framework in Frameworks */,
				22BB0258F7FF4740B82A5881 /* libPods.a in Frameworks */,
			);
			runOnlyForDeploymentPostprocessing = 0;
		};
/* End PBXFrameworksBuildPhase section */

/* Begin PBXGroup section */
		3A1BB827199BA52B00888298 /* Extensions */ = {
			isa = PBXGroup;
			children = (
				3A84063A19A1F5F4007E3A6B /* DeviceId */,
				3AEA37F8199CAC33001AAF71 /* UserDefaults */,
				3A367EBD19921D9D004B6F13 /* Data Access */,
				3A7F0BE419E2DDCE000F3DF2 /* HandleBeacon.h */,
				3A7F0BE519E2DDCE000F3DF2 /* HandleBeacon.m */,
				3A7F0BEA19E2E075000F3DF2 /* BeaconDemoAppDelegate.h */,
				3A7F0BEB19E2E075000F3DF2 /* BeaconDemoAppDelegate.m */,
				3A7F0BE719E2DF97000F3DF2 /* BeaconNotificationRegion.h */,
				3A7F0BE819E2DF97000F3DF2 /* BeaconNotificationRegion.m */,
			);
			name = Extensions;
			sourceTree = "<group>";
		};
		3A367EBD19921D9D004B6F13 /* Data Access */ = {
			isa = PBXGroup;
			children = (
				959A964519B7877F0041FCEE /* DeviceCabinetDAO.h */,
				3AA2EC7219B5D59D007D1147 /* API */,
				3AA2EC7119B5D582007D1147 /* CloudKit */,
			);
			name = "Data Access";
			sourceTree = "<group>";
		};
		3A5E177419654AC700681289 = {
			isa = PBXGroup;
			children = (
				3A5E17BB19654BBE00681289 /* Main.storyboard */,
				3A5E17AF19654AED00681289 /* Person.h */,
				3A5E17B019654AED00681289 /* Person.m */,
				3A5E17B219654AF900681289 /* Device.h */,
				3A5E17B319654AF900681289 /* Device.m */,
				3A1BB827199BA52B00888298 /* Extensions */,
				3A5E178619654AC700681289 /* Device Cabinet */,
				3A5E179F19654AC700681289 /* Device CabinetTests */,
				3A5E177F19654AC700681289 /* Frameworks */,
				3A5E177E19654AC700681289 /* Products */,
				19E8A0D3227D45BBA4DD749B /* Pods.xcconfig */,
			);
			sourceTree = "<group>";
		};
		3A5E177E19654AC700681289 /* Products */ = {
			isa = PBXGroup;
			children = (
				3A5E177D19654AC700681289 /* Device Cabinet.app */,
				3A5E179819654AC700681289 /* Device CabinetTests.xctest */,
			);
			name = Products;
			sourceTree = "<group>";
		};
		3A5E177F19654AC700681289 /* Frameworks */ = {
			isa = PBXGroup;
			children = (
				3A84064119A206DD007E3A6B /* Security.framework */,
				3A1BB835199BB94B00888298 /* MessageUI.framework */,
				3A5E178019654AC700681289 /* Foundation.framework */,
				3A5E178219654AC700681289 /* CoreGraphics.framework */,
				3A5E178419654AC700681289 /* UIKit.framework */,
				3A5E179919654AC700681289 /* XCTest.framework */,
				D3A6D4B45940492A9973C4BC /* libPods.a */,
			);
			name = Frameworks;
			sourceTree = "<group>";
		};
		3A5E178619654AC700681289 /* Device Cabinet */ = {
			isa = PBXGroup;
			children = (
				3A51A8F219DD8A07003626CE /* CreatePersonViewController.h */,
				3A51A8F319DD8A07003626CE /* CreatePersonViewController.m */,
				3AA2EC6F19B5ACE5007D1147 /* placeholder_image.png */,
				3A5E21AD196E86E20021CB13 /* CreateDeviceViewController.h */,
				3A5E21AE196E86E20021CB13 /* CreateDeviceViewController.m */,
				3A367EC11992233E004B6F13 /* DeviceViewController.h */,
				3A367EC21992233E004B6F13 /* DeviceViewController.m */,
				3AC5A811198FB19C00576854 /* OverviewViewController.h */,
				3AC5A812198FB19C00576854 /* OverviewViewController.m */,
				3A51A8EC19DD625F003626CE /* DecisionViewController.h */,
				3A51A8ED19DD625F003626CE /* DecisionViewController.m */,
				3A51A8EF19DD77EF003626CE /* UserNamePickerViewController.h */,
				3A51A8F019DD77EF003626CE /* UserNamePickerViewController.m */,
				3AEA37FF199CBD76001AAF71 /* Localizable.strings */,
				7D02BFC51973DE7F00E16DE8 /* Device Cabinet.entitlements */,
				3A5E178F19654AC700681289 /* AppDelegate.h */,
				3A5E179019654AC700681289 /* AppDelegate.m */,
				3A5E179219654AC700681289 /* Images.xcassets */,
				3A5E178719654AC700681289 /* Supporting Files */,
			);
			path = "Device Cabinet";
			sourceTree = "<group>";
		};
		3A5E178719654AC700681289 /* Supporting Files */ = {
			isa = PBXGroup;
			children = (
				3A5E178819654AC700681289 /* Device Cabinet-Info.plist */,
				3A5E178919654AC700681289 /* InfoPlist.strings */,
				3A5E178C19654AC700681289 /* main.m */,
				3A5E178E19654AC700681289 /* Device Cabinet-Prefix.pch */,
			);
			name = "Supporting Files";
			sourceTree = "<group>";
		};
		3A5E179F19654AC700681289 /* Device CabinetTests */ = {
			isa = PBXGroup;
			children = (
				3A5E17A519654AC700681289 /* Device_CabinetTests.m */,
				3A5E17A019654AC700681289 /* Supporting Files */,
				3AE15A3719AB6D440003BF60 /* PersonTestCase.m */,
				3AE15A3919AB6F970003BF60 /* ErrorMapperTestCase.m */,
				3AE15A3B19AB71D60003BF60 /* UserDefaultsTestCase.m */,
				3AE15A3D19AB751F0003BF60 /* UIdGeneratorTestCase.m */,
				3AE15A4019AB7BBD0003BF60 /* DeviceViewTestCase.m */,
				3ABD090C19AC715900ED86C0 /* CloudKitManagerTestCase.m */,
			);
			path = "Device CabinetTests";
			sourceTree = "<group>";
		};
		3A5E17A019654AC700681289 /* Supporting Files */ = {
			isa = PBXGroup;
			children = (
				3A5E17A119654AC700681289 /* Device CabinetTests-Info.plist */,
				3A5E17A219654AC700681289 /* InfoPlist.strings */,
			);
			name = "Supporting Files";
			sourceTree = "<group>";
		};
		3A84063A19A1F5F4007E3A6B /* DeviceId */ = {
			isa = PBXGroup;
			children = (
				3A84063419A1F04D007E3A6B /* UIdGenerator.h */,
				3A84063519A1F04D007E3A6B /* UIdGenerator.m */,
			);
			name = DeviceId;
			sourceTree = "<group>";
		};
		3AA2EC7119B5D582007D1147 /* CloudKit */ = {
			isa = PBXGroup;
			children = (
				3A367EBE19921DE2004B6F13 /* CloudKitDao.h */,
				3A367EBF19921DE2004B6F13 /* CloudKitDao.m */,
				3AE45F1219A73D3700FFCB3E /* CloudKitErrorMapper.h */,
				3AE45F1319A73D3700FFCB3E /* CloudKitErrorMapper.m */,
			);
			name = CloudKit;
			sourceTree = "<group>";
		};
		3AA2EC7219B5D59D007D1147 /* API */ = {
			isa = PBXGroup;
			children = (
				3AA2EC7319B5D5BF007D1147 /* RailsApiDao.h */,
				3AA2EC7419B5D5BF007D1147 /* RailsApiDao.m */,
				95AFE3BB19C62E9700CF1217 /* RailsApiErrorMapper.h */,
				95AFE3BC19C62E9700CF1217 /* RailsApiErrorMapper.m */,
			);
			name = API;
			sourceTree = "<group>";
		};
		3AEA37F8199CAC33001AAF71 /* UserDefaults */ = {
			isa = PBXGroup;
			children = (
				3AEA37F5199CA763001AAF71 /* UserDefaults.h */,
				3AEA37F6199CA763001AAF71 /* UserDefaults.m */,
			);
			name = UserDefaults;
			sourceTree = "<group>";
		};
/* End PBXGroup section */

/* Begin PBXNativeTarget section */
		3A5E177C19654AC700681289 /* Device Cabinet */ = {
			isa = PBXNativeTarget;
			buildConfigurationList = 3A5E17A919654AC700681289 /* Build configuration list for PBXNativeTarget "Device Cabinet" */;
			buildPhases = (
				377835CA21674B189D0A93A6 /* Check Pods Manifest.lock */,
				3A5E177919654AC700681289 /* Sources */,
				3A5E177A19654AC700681289 /* Frameworks */,
				3A5E177B19654AC700681289 /* Resources */,
				7A4093C06BA74ED0B25D7E47 /* Copy Pods Resources */,
			);
			buildRules = (
			);
			dependencies = (
			);
			name = "Device Cabinet";
			productName = "Device Cabinet";
			productReference = 3A5E177D19654AC700681289 /* Device Cabinet.app */;
			productType = "com.apple.product-type.application";
		};
		3A5E179719654AC700681289 /* Device CabinetTests */ = {
			isa = PBXNativeTarget;
			buildConfigurationList = 3A5E17AC19654AC700681289 /* Build configuration list for PBXNativeTarget "Device CabinetTests" */;
			buildPhases = (
				167E8FF55A544972B4EA9010 /* Check Pods Manifest.lock */,
				3A5E179419654AC700681289 /* Sources */,
				3A5E179519654AC700681289 /* Frameworks */,
				3A5E179619654AC700681289 /* Resources */,
				ADA3C3BE29F04543802640B3 /* Copy Pods Resources */,
			);
			buildRules = (
			);
			dependencies = (
				3A5E179E19654AC700681289 /* PBXTargetDependency */,
				3AAC5C9F197E6E49006D26CE /* PBXTargetDependency */,
				3AAC5CA1197E6E49006D26CE /* PBXTargetDependency */,
				3A1BB832199BB92200888298 /* PBXTargetDependency */,
				3A1BB834199BB92200888298 /* PBXTargetDependency */,
			);
			name = "Device CabinetTests";
			productName = "Device CabinetTests";
			productReference = 3A5E179819654AC700681289 /* Device CabinetTests.xctest */;
			productType = "com.apple.product-type.bundle.unit-test";
		};
/* End PBXNativeTarget section */

/* Begin PBXProject section */
		3A5E177519654AC700681289 /* Project object */ = {
			isa = PBXProject;
			attributes = {
				LastUpgradeCheck = 0510;
				ORGANIZATIONNAME = "___FULLUSERNAME___";
				TargetAttributes = {
					3A5E177C19654AC700681289 = {
						DevelopmentTeam = LPDJDFJM54;
						SystemCapabilities = {
							com.apple.iCloud = {
								enabled = 0;
							};
						};
					};
					3A5E179719654AC700681289 = {
						TestTargetID = 3A5E177C19654AC700681289;
					};
				};
			};
			buildConfigurationList = 3A5E177819654AC700681289 /* Build configuration list for PBXProject "Device Cabinet" */;
			compatibilityVersion = "Xcode 3.2";
			developmentRegion = English;
			hasScannedForEncodings = 0;
			knownRegions = (
				en,
				de,
			);
			mainGroup = 3A5E177419654AC700681289;
			productRefGroup = 3A5E177E19654AC700681289 /* Products */;
			projectDirPath = "";
			projectRoot = "";
			targets = (
				3A5E177C19654AC700681289 /* Device Cabinet */,
				3A5E179719654AC700681289 /* Device CabinetTests */,
			);
		};
/* End PBXProject section */

/* Begin PBXResourcesBuildPhase section */
		3A5E177B19654AC700681289 /* Resources */ = {
			isa = PBXResourcesBuildPhase;
			buildActionMask = 2147483647;
			files = (
				3A5E178B19654AC700681289 /* InfoPlist.strings in Resources */,
				3AEA37FD199CBD76001AAF71 /* Localizable.strings in Resources */,
				3AA2EC7019B5ACE5007D1147 /* placeholder_image.png in Resources */,
				3A5E179319654AC700681289 /* Images.xcassets in Resources */,
				3A5E17BC19654BBE00681289 /* Main.storyboard in Resources */,
			);
			runOnlyForDeploymentPostprocessing = 0;
		};
		3A5E179619654AC700681289 /* Resources */ = {
			isa = PBXResourcesBuildPhase;
			buildActionMask = 2147483647;
			files = (
				3A5E17A419654AC700681289 /* InfoPlist.strings in Resources */,
			);
			runOnlyForDeploymentPostprocessing = 0;
		};
/* End PBXResourcesBuildPhase section */

/* Begin PBXShellScriptBuildPhase section */
		167E8FF55A544972B4EA9010 /* Check Pods Manifest.lock */ = {
			isa = PBXShellScriptBuildPhase;
			buildActionMask = 2147483647;
			files = (
			);
			inputPaths = (
			);
			name = "Check Pods Manifest.lock";
			outputPaths = (
			);
			runOnlyForDeploymentPostprocessing = 0;
			shellPath = /bin/sh;
			shellScript = "diff \"${PODS_ROOT}/../Podfile.lock\" \"${PODS_ROOT}/Manifest.lock\" > /dev/null\nif [[ $? != 0 ]] ; then\n    cat << EOM\nerror: The sandbox is not in sync with the Podfile.lock. Run 'pod install' or update your CocoaPods installation.\nEOM\n    exit 1\nfi\n";
			showEnvVarsInLog = 0;
		};
		377835CA21674B189D0A93A6 /* Check Pods Manifest.lock */ = {
			isa = PBXShellScriptBuildPhase;
			buildActionMask = 2147483647;
			files = (
			);
			inputPaths = (
			);
			name = "Check Pods Manifest.lock";
			outputPaths = (
			);
			runOnlyForDeploymentPostprocessing = 0;
			shellPath = /bin/sh;
			shellScript = "diff \"${PODS_ROOT}/../Podfile.lock\" \"${PODS_ROOT}/Manifest.lock\" > /dev/null\nif [[ $? != 0 ]] ; then\n    cat << EOM\nerror: The sandbox is not in sync with the Podfile.lock. Run 'pod install' or update your CocoaPods installation.\nEOM\n    exit 1\nfi\n";
			showEnvVarsInLog = 0;
		};
		7A4093C06BA74ED0B25D7E47 /* Copy Pods Resources */ = {
			isa = PBXShellScriptBuildPhase;
			buildActionMask = 2147483647;
			files = (
			);
			inputPaths = (
			);
			name = "Copy Pods Resources";
			outputPaths = (
			);
			runOnlyForDeploymentPostprocessing = 0;
			shellPath = /bin/sh;
			shellScript = "\"${SRCROOT}/Pods/Pods-resources.sh\"\n";
			showEnvVarsInLog = 0;
		};
		ADA3C3BE29F04543802640B3 /* Copy Pods Resources */ = {
			isa = PBXShellScriptBuildPhase;
			buildActionMask = 2147483647;
			files = (
			);
			inputPaths = (
			);
			name = "Copy Pods Resources";
			outputPaths = (
			);
			runOnlyForDeploymentPostprocessing = 0;
			shellPath = /bin/sh;
			shellScript = "\"${SRCROOT}/Pods/Pods-resources.sh\"\n";
			showEnvVarsInLog = 0;
		};
/* End PBXShellScriptBuildPhase section */

/* Begin PBXSourcesBuildPhase section */
		3A5E177919654AC700681289 /* Sources */ = {
			isa = PBXSourcesBuildPhase;
			buildActionMask = 2147483647;
			files = (
				3AA2EC7519B5D5BF007D1147 /* RailsApiDao.m in Sources */,
				3A51A8F419DD8A07003626CE /* CreatePersonViewController.m in Sources */,
				95AFE3BD19C62E9700CF1217 /* RailsApiErrorMapper.m in Sources */,
				3A7F0BE619E2DDCE000F3DF2 /* HandleBeacon.m in Sources */,
				3AEA37F7199CA763001AAF71 /* UserDefaults.m in Sources */,
				3A51A8F119DD77EF003626CE /* UserNamePickerViewController.m in Sources */,
				3A84063619A1F04D007E3A6B /* UIdGenerator.m in Sources */,
				3AC5A813198FB19C00576854 /* OverviewViewController.m in Sources */,
				3A7F0BE919E2DF97000F3DF2 /* BeaconNotificationRegion.m in Sources */,
				3A5E17B119654AED00681289 /* Person.m in Sources */,
				3A367EC019921DE2004B6F13 /* CloudKitDao.m in Sources */,
				3A5E21AF196E86E20021CB13 /* CreateDeviceViewController.m in Sources */,
				3AE45F1419A73D3700FFCB3E /* CloudKitErrorMapper.m in Sources */,
				3A5E179119654AC700681289 /* AppDelegate.m in Sources */,
				3A5E178D19654AC700681289 /* main.m in Sources */,
				3A7F0BEC19E2E075000F3DF2 /* BeaconDemoAppDelegate.m in Sources */,
				3A367EC31992233E004B6F13 /* DeviceViewController.m in Sources */,
				3A51A8EE19DD625F003626CE /* DecisionViewController.m in Sources */,
				3A5E17B419654AF900681289 /* Device.m in Sources */,
			);
			runOnlyForDeploymentPostprocessing = 0;
		};
		3A5E179419654AC700681289 /* Sources */ = {
			isa = PBXSourcesBuildPhase;
			buildActionMask = 2147483647;
			files = (
				3AE15A4119AB7BBD0003BF60 /* DeviceViewTestCase.m in Sources */,
				3AE15A3C19AB71D60003BF60 /* UserDefaultsTestCase.m in Sources */,
				3AE15A3819AB6D440003BF60 /* PersonTestCase.m in Sources */,
				3AE15A3A19AB6F970003BF60 /* ErrorMapperTestCase.m in Sources */,
				3ABD090D19AC715900ED86C0 /* CloudKitManagerTestCase.m in Sources */,
				3A5E17A619654AC700681289 /* Device_CabinetTests.m in Sources */,
				3AE15A3E19AB751F0003BF60 /* UIdGeneratorTestCase.m in Sources */,
			);
			runOnlyForDeploymentPostprocessing = 0;
		};
/* End PBXSourcesBuildPhase section */

/* Begin PBXTargetDependency section */
		3A1BB832199BB92200888298 /* PBXTargetDependency */ = {
			isa = PBXTargetDependency;
			target = 3A5E177C19654AC700681289 /* Device Cabinet */;
			targetProxy = 3A1BB831199BB92200888298 /* PBXContainerItemProxy */;
		};
		3A1BB834199BB92200888298 /* PBXTargetDependency */ = {
			isa = PBXTargetDependency;
			target = 3A5E177C19654AC700681289 /* Device Cabinet */;
			targetProxy = 3A1BB833199BB92200888298 /* PBXContainerItemProxy */;
		};
		3A5E179E19654AC700681289 /* PBXTargetDependency */ = {
			isa = PBXTargetDependency;
			target = 3A5E177C19654AC700681289 /* Device Cabinet */;
			targetProxy = 3A5E179D19654AC700681289 /* PBXContainerItemProxy */;
		};
		3AAC5C9F197E6E49006D26CE /* PBXTargetDependency */ = {
			isa = PBXTargetDependency;
			target = 3A5E177C19654AC700681289 /* Device Cabinet */;
			targetProxy = 3AAC5C9E197E6E49006D26CE /* PBXContainerItemProxy */;
		};
		3AAC5CA1197E6E49006D26CE /* PBXTargetDependency */ = {
			isa = PBXTargetDependency;
			target = 3A5E177C19654AC700681289 /* Device Cabinet */;
			targetProxy = 3AAC5CA0197E6E49006D26CE /* PBXContainerItemProxy */;
		};
/* End PBXTargetDependency section */

/* Begin PBXVariantGroup section */
		3A5E178919654AC700681289 /* InfoPlist.strings */ = {
			isa = PBXVariantGroup;
			children = (
				3A5E178A19654AC700681289 /* en */,
				3AEA37FB199CBD4D001AAF71 /* de */,
			);
			name = InfoPlist.strings;
			sourceTree = "<group>";
		};
		3A5E17A219654AC700681289 /* InfoPlist.strings */ = {
			isa = PBXVariantGroup;
			children = (
				3A5E17A319654AC700681289 /* en */,
				3AEA37FC199CBD4D001AAF71 /* de */,
			);
			name = InfoPlist.strings;
			sourceTree = "<group>";
		};
		3AEA37FF199CBD76001AAF71 /* Localizable.strings */ = {
			isa = PBXVariantGroup;
			children = (
				3AB5D5DE19A3484200D71CD2 /* de */,
				9562A03B19A3C96800233528 /* en */,
			);
			name = Localizable.strings;
			sourceTree = "<group>";
		};
/* End PBXVariantGroup section */

/* Begin XCBuildConfiguration section */
		3A5E17A719654AC700681289 /* Debug */ = {
			isa = XCBuildConfiguration;
			buildSettings = {
				ALWAYS_SEARCH_USER_PATHS = NO;
				CLANG_CXX_LANGUAGE_STANDARD = "gnu++0x";
				CLANG_CXX_LIBRARY = "libc++";
				CLANG_ENABLE_MODULES = YES;
				CLANG_ENABLE_OBJC_ARC = YES;
				CLANG_WARN_BOOL_CONVERSION = YES;
				CLANG_WARN_CONSTANT_CONVERSION = YES;
				CLANG_WARN_DIRECT_OBJC_ISA_USAGE = YES_ERROR;
				CLANG_WARN_EMPTY_BODY = YES;
				CLANG_WARN_ENUM_CONVERSION = YES;
				CLANG_WARN_INT_CONVERSION = YES;
				CLANG_WARN_OBJC_ROOT_CLASS = YES_ERROR;
				CLANG_WARN__DUPLICATE_METHOD_MATCH = YES;
				"CODE_SIGN_IDENTITY[sdk=iphoneos*]" = "iPhone Developer";
				COPY_PHASE_STRIP = NO;
				GCC_C_LANGUAGE_STANDARD = gnu99;
				GCC_DYNAMIC_NO_PIC = NO;
				GCC_OPTIMIZATION_LEVEL = 0;
				GCC_PREPROCESSOR_DEFINITIONS = (
					"DEBUG=1",
					"$(inherited)",
				);
				GCC_SYMBOLS_PRIVATE_EXTERN = NO;
				GCC_WARN_64_TO_32_BIT_CONVERSION = YES;
				GCC_WARN_ABOUT_RETURN_TYPE = YES_ERROR;
				GCC_WARN_UNDECLARED_SELECTOR = YES;
				GCC_WARN_UNINITIALIZED_AUTOS = YES_AGGRESSIVE;
				GCC_WARN_UNUSED_FUNCTION = YES;
				GCC_WARN_UNUSED_VARIABLE = YES;
				IPHONEOS_DEPLOYMENT_TARGET = 7.1;
				ONLY_ACTIVE_ARCH = YES;
				SDKROOT = iphoneos;
			};
			name = Debug;
		};
		3A5E17A819654AC700681289 /* Release */ = {
			isa = XCBuildConfiguration;
			buildSettings = {
				ALWAYS_SEARCH_USER_PATHS = NO;
				CLANG_CXX_LANGUAGE_STANDARD = "gnu++0x";
				CLANG_CXX_LIBRARY = "libc++";
				CLANG_ENABLE_MODULES = YES;
				CLANG_ENABLE_OBJC_ARC = YES;
				CLANG_WARN_BOOL_CONVERSION = YES;
				CLANG_WARN_CONSTANT_CONVERSION = YES;
				CLANG_WARN_DIRECT_OBJC_ISA_USAGE = YES_ERROR;
				CLANG_WARN_EMPTY_BODY = YES;
				CLANG_WARN_ENUM_CONVERSION = YES;
				CLANG_WARN_INT_CONVERSION = YES;
				CLANG_WARN_OBJC_ROOT_CLASS = YES_ERROR;
				CLANG_WARN__DUPLICATE_METHOD_MATCH = YES;
				"CODE_SIGN_IDENTITY[sdk=iphoneos*]" = "iPhone Developer";
				COPY_PHASE_STRIP = YES;
				ENABLE_NS_ASSERTIONS = NO;
				GCC_C_LANGUAGE_STANDARD = gnu99;
				GCC_WARN_64_TO_32_BIT_CONVERSION = YES;
				GCC_WARN_ABOUT_RETURN_TYPE = YES_ERROR;
				GCC_WARN_UNDECLARED_SELECTOR = YES;
				GCC_WARN_UNINITIALIZED_AUTOS = YES_AGGRESSIVE;
				GCC_WARN_UNUSED_FUNCTION = YES;
				GCC_WARN_UNUSED_VARIABLE = YES;
				IPHONEOS_DEPLOYMENT_TARGET = 7.1;
				SDKROOT = iphoneos;
				VALIDATE_PRODUCT = YES;
			};
			name = Release;
		};
		3A5E17AA19654AC700681289 /* Debug */ = {
			isa = XCBuildConfiguration;
			baseConfigurationReference = 19E8A0D3227D45BBA4DD749B /* Pods.xcconfig */;
			buildSettings = {
				ASSETCATALOG_COMPILER_APPICON_NAME = AppIcon;
				ASSETCATALOG_COMPILER_LAUNCHIMAGE_NAME = LaunchImage;
				CODE_SIGN_IDENTITY = "iPhone Developer";
				"CODE_SIGN_IDENTITY[sdk=iphoneos*]" = "iPhone Developer";
				GCC_PRECOMPILE_PREFIX_HEADER = YES;
				GCC_PREFIX_HEADER = "Device Cabinet/Device Cabinet-Prefix.pch";
				INFOPLIST_FILE = "Device Cabinet/Device Cabinet-Info.plist";
				IPHONEOS_DEPLOYMENT_TARGET = 7.0;
				PRODUCT_NAME = "$(TARGET_NAME)";
				PROVISIONING_PROFILE = "";
				WRAPPER_EXTENSION = app;
			};
			name = Debug;
		};
		3A5E17AB19654AC700681289 /* Release */ = {
			isa = XCBuildConfiguration;
			baseConfigurationReference = 19E8A0D3227D45BBA4DD749B /* Pods.xcconfig */;
			buildSettings = {
				ASSETCATALOG_COMPILER_APPICON_NAME = AppIcon;
				ASSETCATALOG_COMPILER_LAUNCHIMAGE_NAME = LaunchImage;
				CODE_SIGN_IDENTITY = "iPhone Developer";
				"CODE_SIGN_IDENTITY[sdk=iphoneos*]" = "iPhone Developer";
				GCC_PRECOMPILE_PREFIX_HEADER = YES;
				GCC_PREFIX_HEADER = "Device Cabinet/Device Cabinet-Prefix.pch";
				INFOPLIST_FILE = "Device Cabinet/Device Cabinet-Info.plist";
				IPHONEOS_DEPLOYMENT_TARGET = 7.0;
				PRODUCT_NAME = "$(TARGET_NAME)";
				PROVISIONING_PROFILE = "";
				WRAPPER_EXTENSION = app;
			};
			name = Release;
		};
		3A5E17AD19654AC700681289 /* Debug */ = {
			isa = XCBuildConfiguration;
			baseConfigurationReference = 19E8A0D3227D45BBA4DD749B /* Pods.xcconfig */;
			buildSettings = {
				BUNDLE_LOADER = "$(BUILT_PRODUCTS_DIR)/Device Cabinet.app/Device Cabinet";
				FRAMEWORK_SEARCH_PATHS = (
					"$(SDKROOT)/Developer/Library/Frameworks",
					"$(inherited)",
					"$(DEVELOPER_FRAMEWORKS_DIR)",
				);
				GCC_PRECOMPILE_PREFIX_HEADER = YES;
				GCC_PREFIX_HEADER = "Device Cabinet/Device Cabinet-Prefix.pch";
				GCC_PREPROCESSOR_DEFINITIONS = (
					"DEBUG=1",
					"$(inherited)",
				);
				INFOPLIST_FILE = "Device CabinetTests/Device CabinetTests-Info.plist";
				PRODUCT_NAME = "$(TARGET_NAME)";
				TEST_HOST = "$(BUNDLE_LOADER)";
				WRAPPER_EXTENSION = xctest;
			};
			name = Debug;
		};
		3A5E17AE19654AC700681289 /* Release */ = {
			isa = XCBuildConfiguration;
			baseConfigurationReference = 19E8A0D3227D45BBA4DD749B /* Pods.xcconfig */;
			buildSettings = {
				BUNDLE_LOADER = "$(BUILT_PRODUCTS_DIR)/Device Cabinet.app/Device Cabinet";
				FRAMEWORK_SEARCH_PATHS = (
					"$(SDKROOT)/Developer/Library/Frameworks",
					"$(inherited)",
					"$(DEVELOPER_FRAMEWORKS_DIR)",
				);
				GCC_PRECOMPILE_PREFIX_HEADER = YES;
				GCC_PREFIX_HEADER = "Device Cabinet/Device Cabinet-Prefix.pch";
				INFOPLIST_FILE = "Device CabinetTests/Device CabinetTests-Info.plist";
				PRODUCT_NAME = "$(TARGET_NAME)";
				TEST_HOST = "$(BUNDLE_LOADER)";
				WRAPPER_EXTENSION = xctest;
			};
			name = Release;
		};
/* End XCBuildConfiguration section */

/* Begin XCConfigurationList section */
		3A5E177819654AC700681289 /* Build configuration list for PBXProject "Device Cabinet" */ = {
			isa = XCConfigurationList;
			buildConfigurations = (
				3A5E17A719654AC700681289 /* Debug */,
				3A5E17A819654AC700681289 /* Release */,
			);
			defaultConfigurationIsVisible = 0;
			defaultConfigurationName = Release;
		};
		3A5E17A919654AC700681289 /* Build configuration list for PBXNativeTarget "Device Cabinet" */ = {
			isa = XCConfigurationList;
			buildConfigurations = (
				3A5E17AA19654AC700681289 /* Debug */,
				3A5E17AB19654AC700681289 /* Release */,
			);
			defaultConfigurationIsVisible = 0;
			defaultConfigurationName = Release;
		};
		3A5E17AC19654AC700681289 /* Build configuration list for PBXNativeTarget "Device CabinetTests" */ = {
			isa = XCConfigurationList;
			buildConfigurations = (
				3A5E17AD19654AC700681289 /* Debug */,
				3A5E17AE19654AC700681289 /* Release */,
			);
			defaultConfigurationIsVisible = 0;
			defaultConfigurationName = Release;
		};
/* End XCConfigurationList section */
	};
	rootObject = 3A5E177519654AC700681289 /* Project object */;
}
