// !$*UTF8*$!
{
	archiveVersion = 1;
	classes = {
	};
	objectVersion = 46;
	objects = {

/* Begin PBXBuildFile section */
		3A1BB825199B7B0300888298 /* MD5Extension.m in Sources */ = {isa = PBXBuildFile; fileRef = 3A1BB824199B7B0300888298 /* MD5Extension.m */; };
		3A1BB836199BB94B00888298 /* MessageUI.framework in Frameworks */ = {isa = PBXBuildFile; fileRef = 3A1BB835199BB94B00888298 /* MessageUI.framework */; };
		3A367EBC19921CB1004B6F13 /* ProfileViewController.m in Sources */ = {isa = PBXBuildFile; fileRef = 3A367EBB19921CB1004B6F13 /* ProfileViewController.m */; };
		3A367EC019921DE2004B6F13 /* CloudKitManager.m in Sources */ = {isa = PBXBuildFile; fileRef = 3A367EBF19921DE2004B6F13 /* CloudKitManager.m */; };
		3A367EC31992233E004B6F13 /* DeviceViewController.m in Sources */ = {isa = PBXBuildFile; fileRef = 3A367EC21992233E004B6F13 /* DeviceViewController.m */; };
		3A5E178119654AC700681289 /* Foundation.framework in Frameworks */ = {isa = PBXBuildFile; fileRef = 3A5E178019654AC700681289 /* Foundation.framework */; };
		3A5E178319654AC700681289 /* CoreGraphics.framework in Frameworks */ = {isa = PBXBuildFile; fileRef = 3A5E178219654AC700681289 /* CoreGraphics.framework */; };
		3A5E178519654AC700681289 /* UIKit.framework in Frameworks */ = {isa = PBXBuildFile; fileRef = 3A5E178419654AC700681289 /* UIKit.framework */; };
		3A5E178B19654AC700681289 /* InfoPlist.strings in Resources */ = {isa = PBXBuildFile; fileRef = 3A5E178919654AC700681289 /* InfoPlist.strings */; };
		3A5E178D19654AC700681289 /* main.m in Sources */ = {isa = PBXBuildFile; fileRef = 3A5E178C19654AC700681289 /* main.m */; };
		3A5E179119654AC700681289 /* AppDelegate.m in Sources */ = {isa = PBXBuildFile; fileRef = 3A5E179019654AC700681289 /* AppDelegate.m */; };
		3A5E179319654AC700681289 /* Images.xcassets in Resources */ = {isa = PBXBuildFile; fileRef = 3A5E179219654AC700681289 /* Images.xcassets */; };
		3A5E179A19654AC700681289 /* XCTest.framework in Frameworks */ = {isa = PBXBuildFile; fileRef = 3A5E179919654AC700681289 /* XCTest.framework */; };
		3A5E179B19654AC700681289 /* Foundation.framework in Frameworks */ = {isa = PBXBuildFile; fileRef = 3A5E178019654AC700681289 /* Foundation.framework */; };
		3A5E179C19654AC700681289 /* UIKit.framework in Frameworks */ = {isa = PBXBuildFile; fileRef = 3A5E178419654AC700681289 /* UIKit.framework */; };
		3A5E17A419654AC700681289 /* InfoPlist.strings in Resources */ = {isa = PBXBuildFile; fileRef = 3A5E17A219654AC700681289 /* InfoPlist.strings */; };
		3A5E17A619654AC700681289 /* Device_CabinetTests.m in Sources */ = {isa = PBXBuildFile; fileRef = 3A5E17A519654AC700681289 /* Device_CabinetTests.m */; };
		3A5E17B119654AED00681289 /* Person.m in Sources */ = {isa = PBXBuildFile; fileRef = 3A5E17B019654AED00681289 /* Person.m */; };
		3A5E17B419654AF900681289 /* Device.m in Sources */ = {isa = PBXBuildFile; fileRef = 3A5E17B319654AF900681289 /* Device.m */; };
		3A5E17BA19654B2300681289 /* CreatePersonViewController.m in Sources */ = {isa = PBXBuildFile; fileRef = 3A5E17B919654B2300681289 /* CreatePersonViewController.m */; };
		3A5E17BC19654BBE00681289 /* Main.storyboard in Resources */ = {isa = PBXBuildFile; fileRef = 3A5E17BB19654BBE00681289 /* Main.storyboard */; };
		3A5E21AF196E86E20021CB13 /* CreateDeviceViewController.m in Sources */ = {isa = PBXBuildFile; fileRef = 3A5E21AE196E86E20021CB13 /* CreateDeviceViewController.m */; };
		3A84063619A1F04D007E3A6B /* UIdGenerator.m in Sources */ = {isa = PBXBuildFile; fileRef = 3A84063519A1F04D007E3A6B /* UIdGenerator.m */; };
		3A84064219A206DD007E3A6B /* Security.framework in Frameworks */ = {isa = PBXBuildFile; fileRef = 3A84064119A206DD007E3A6B /* Security.framework */; };
		3A8B67E019A4C21300740724 /* StartViewController.m in Sources */ = {isa = PBXBuildFile; fileRef = 3A8B67DF19A4C21300740724 /* StartViewController.m */; };
		3AA1C92B1973E15C00695409 /* CloudKit.framework in Frameworks */ = {isa = PBXBuildFile; fileRef = 3AA1C92A1973E15C00695409 /* CloudKit.framework */; };
		3AC5A813198FB19C00576854 /* OverviewViewController.m in Sources */ = {isa = PBXBuildFile; fileRef = 3AC5A812198FB19C00576854 /* OverviewViewController.m */; };
		3AEA37F7199CA763001AAF71 /* UserDefaults.m in Sources */ = {isa = PBXBuildFile; fileRef = 3AEA37F6199CA763001AAF71 /* UserDefaults.m */; };
		3AEA37FD199CBD76001AAF71 /* Localizable.strings in Resources */ = {isa = PBXBuildFile; fileRef = 3AEA37FF199CBD76001AAF71 /* Localizable.strings */; };
		3AF7C8FF199A2A8A00CF5B16 /* LogInViewController.m in Sources */ = {isa = PBXBuildFile; fileRef = 3AF7C8FE199A2A8A00CF5B16 /* LogInViewController.m */; };
		58F60DB70C28412EA2B6599D /* libPods.a in Frameworks */ = {isa = PBXBuildFile; fileRef = D3A6D4B45940492A9973C4BC /* libPods.a */; };
/* End PBXBuildFile section */

/* Begin PBXContainerItemProxy section */
		3A1BB831199BB92200888298 /* PBXContainerItemProxy */ = {
			isa = PBXContainerItemProxy;
			containerPortal = 3A5E177519654AC700681289 /* Project object */;
			proxyType = 1;
			remoteGlobalIDString = 3A5E177C19654AC700681289;
			remoteInfo = "Device Cabinet";
		};
		3A1BB833199BB92200888298 /* PBXContainerItemProxy */ = {
			isa = PBXContainerItemProxy;
			containerPortal = 3A5E177519654AC700681289 /* Project object */;
			proxyType = 1;
			remoteGlobalIDString = 3A5E177C19654AC700681289;
			remoteInfo = "Device Cabinet";
		};
		3A5E179D19654AC700681289 /* PBXContainerItemProxy */ = {
			isa = PBXContainerItemProxy;
			containerPortal = 3A5E177519654AC700681289 /* Project object */;
			proxyType = 1;
			remoteGlobalIDString = 3A5E177C19654AC700681289;
			remoteInfo = "Device Cabinet";
		};
		3AAC5C9E197E6E49006D26CE /* PBXContainerItemProxy */ = {
			isa = PBXContainerItemProxy;
			containerPortal = 3A5E177519654AC700681289 /* Project object */;
			proxyType = 1;
			remoteGlobalIDString = 3A5E177C19654AC700681289;
			remoteInfo = "Device Cabinet";
		};
		3AAC5CA0197E6E49006D26CE /* PBXContainerItemProxy */ = {
			isa = PBXContainerItemProxy;
			containerPortal = 3A5E177519654AC700681289 /* Project object */;
			proxyType = 1;
			remoteGlobalIDString = 3A5E177C19654AC700681289;
			remoteInfo = "Device Cabinet";
		};
/* End PBXContainerItemProxy section */

/* Begin PBXFileReference section */
		19E8A0D3227D45BBA4DD749B /* Pods.xcconfig */ = {isa = PBXFileReference; includeInIndex = 1; lastKnownFileType = text.xcconfig; name = Pods.xcconfig; path = Pods/Pods.xcconfig; sourceTree = "<group>"; };
		3A1BB823199B7B0300888298 /* MD5Extension.h */ = {isa = PBXFileReference; fileEncoding = 4; lastKnownFileType = sourcecode.c.h; name = MD5Extension.h; path = "Device Cabinet/MD5Extension.h"; sourceTree = "<group>"; };
		3A1BB824199B7B0300888298 /* MD5Extension.m */ = {isa = PBXFileReference; fileEncoding = 4; lastKnownFileType = sourcecode.c.objc; name = MD5Extension.m; path = "Device Cabinet/MD5Extension.m"; sourceTree = "<group>"; };
		3A1BB835199BB94B00888298 /* MessageUI.framework */ = {isa = PBXFileReference; lastKnownFileType = wrapper.framework; name = MessageUI.framework; path = System/Library/Frameworks/MessageUI.framework; sourceTree = SDKROOT; };
		3A367EBA19921CB1004B6F13 /* ProfileViewController.h */ = {isa = PBXFileReference; fileEncoding = 4; lastKnownFileType = sourcecode.c.h; name = ProfileViewController.h; path = ../ProfileViewController.h; sourceTree = "<group>"; };
		3A367EBB19921CB1004B6F13 /* ProfileViewController.m */ = {isa = PBXFileReference; fileEncoding = 4; lastKnownFileType = sourcecode.c.objc; name = ProfileViewController.m; path = ../ProfileViewController.m; sourceTree = "<group>"; };
		3A367EBE19921DE2004B6F13 /* CloudKitManager.h */ = {isa = PBXFileReference; fileEncoding = 4; lastKnownFileType = sourcecode.c.h; path = CloudKitManager.h; sourceTree = "<group>"; };
		3A367EBF19921DE2004B6F13 /* CloudKitManager.m */ = {isa = PBXFileReference; fileEncoding = 4; lastKnownFileType = sourcecode.c.objc; path = CloudKitManager.m; sourceTree = "<group>"; };
		3A367EC11992233E004B6F13 /* DeviceViewController.h */ = {isa = PBXFileReference; fileEncoding = 4; lastKnownFileType = sourcecode.c.h; name = DeviceViewController.h; path = ../DeviceViewController.h; sourceTree = "<group>"; };
		3A367EC21992233E004B6F13 /* DeviceViewController.m */ = {isa = PBXFileReference; fileEncoding = 4; lastKnownFileType = sourcecode.c.objc; name = DeviceViewController.m; path = ../DeviceViewController.m; sourceTree = "<group>"; };
		3A5E177D19654AC700681289 /* Device Cabinet.app */ = {isa = PBXFileReference; explicitFileType = wrapper.application; includeInIndex = 0; path = "Device Cabinet.app"; sourceTree = BUILT_PRODUCTS_DIR; };
		3A5E178019654AC700681289 /* Foundation.framework */ = {isa = PBXFileReference; lastKnownFileType = wrapper.framework; name = Foundation.framework; path = System/Library/Frameworks/Foundation.framework; sourceTree = SDKROOT; };
		3A5E178219654AC700681289 /* CoreGraphics.framework */ = {isa = PBXFileReference; lastKnownFileType = wrapper.framework; name = CoreGraphics.framework; path = System/Library/Frameworks/CoreGraphics.framework; sourceTree = SDKROOT; };
		3A5E178419654AC700681289 /* UIKit.framework */ = {isa = PBXFileReference; lastKnownFileType = wrapper.framework; name = UIKit.framework; path = System/Library/Frameworks/UIKit.framework; sourceTree = SDKROOT; };
		3A5E178819654AC700681289 /* Device Cabinet-Info.plist */ = {isa = PBXFileReference; lastKnownFileType = text.plist.xml; path = "Device Cabinet-Info.plist"; sourceTree = "<group>"; };
		3A5E178A19654AC700681289 /* en */ = {isa = PBXFileReference; lastKnownFileType = text.plist.strings; name = en; path = en.lproj/InfoPlist.strings; sourceTree = "<group>"; };
		3A5E178C19654AC700681289 /* main.m */ = {isa = PBXFileReference; lastKnownFileType = sourcecode.c.objc; path = main.m; sourceTree = "<group>"; };
		3A5E178E19654AC700681289 /* Device Cabinet-Prefix.pch */ = {isa = PBXFileReference; lastKnownFileType = sourcecode.c.h; path = "Device Cabinet-Prefix.pch"; sourceTree = "<group>"; };
		3A5E178F19654AC700681289 /* AppDelegate.h */ = {isa = PBXFileReference; lastKnownFileType = sourcecode.c.h; path = AppDelegate.h; sourceTree = "<group>"; };
		3A5E179019654AC700681289 /* AppDelegate.m */ = {isa = PBXFileReference; lastKnownFileType = sourcecode.c.objc; path = AppDelegate.m; sourceTree = "<group>"; };
		3A5E179219654AC700681289 /* Images.xcassets */ = {isa = PBXFileReference; lastKnownFileType = folder.assetcatalog; path = Images.xcassets; sourceTree = "<group>"; };
		3A5E179819654AC700681289 /* Device CabinetTests.xctest */ = {isa = PBXFileReference; explicitFileType = wrapper.cfbundle; includeInIndex = 0; path = "Device CabinetTests.xctest"; sourceTree = BUILT_PRODUCTS_DIR; };
		3A5E179919654AC700681289 /* XCTest.framework */ = {isa = PBXFileReference; lastKnownFileType = wrapper.framework; name = XCTest.framework; path = Library/Frameworks/XCTest.framework; sourceTree = DEVELOPER_DIR; };
		3A5E17A119654AC700681289 /* Device CabinetTests-Info.plist */ = {isa = PBXFileReference; lastKnownFileType = text.plist.xml; path = "Device CabinetTests-Info.plist"; sourceTree = "<group>"; };
		3A5E17A319654AC700681289 /* en */ = {isa = PBXFileReference; lastKnownFileType = text.plist.strings; name = en; path = en.lproj/InfoPlist.strings; sourceTree = "<group>"; };
		3A5E17A519654AC700681289 /* Device_CabinetTests.m */ = {isa = PBXFileReference; lastKnownFileType = sourcecode.c.objc; path = Device_CabinetTests.m; sourceTree = "<group>"; };
		3A5E17AF19654AED00681289 /* Person.h */ = {isa = PBXFileReference; fileEncoding = 4; lastKnownFileType = sourcecode.c.h; path = Person.h; sourceTree = "<group>"; };
		3A5E17B019654AED00681289 /* Person.m */ = {isa = PBXFileReference; fileEncoding = 4; lastKnownFileType = sourcecode.c.objc; path = Person.m; sourceTree = "<group>"; };
		3A5E17B219654AF900681289 /* Device.h */ = {isa = PBXFileReference; fileEncoding = 4; lastKnownFileType = sourcecode.c.h; path = Device.h; sourceTree = "<group>"; };
		3A5E17B319654AF900681289 /* Device.m */ = {isa = PBXFileReference; fileEncoding = 4; lastKnownFileType = sourcecode.c.objc; path = Device.m; sourceTree = "<group>"; };
		3A5E17B819654B2300681289 /* CreatePersonViewController.h */ = {isa = PBXFileReference; fileEncoding = 4; lastKnownFileType = sourcecode.c.h; name = CreatePersonViewController.h; path = ../CreatePersonViewController.h; sourceTree = "<group>"; };
		3A5E17B919654B2300681289 /* CreatePersonViewController.m */ = {isa = PBXFileReference; fileEncoding = 4; lastKnownFileType = sourcecode.c.objc; name = CreatePersonViewController.m; path = ../CreatePersonViewController.m; sourceTree = "<group>"; };
		3A5E17BB19654BBE00681289 /* Main.storyboard */ = {isa = PBXFileReference; fileEncoding = 4; lastKnownFileType = file.storyboard; name = Main.storyboard; path = "Device Cabinet/Main.storyboard"; sourceTree = "<group>"; };
		3A5E21AD196E86E20021CB13 /* CreateDeviceViewController.h */ = {isa = PBXFileReference; fileEncoding = 4; lastKnownFileType = sourcecode.c.h; path = CreateDeviceViewController.h; sourceTree = SOURCE_ROOT; };
		3A5E21AE196E86E20021CB13 /* CreateDeviceViewController.m */ = {isa = PBXFileReference; fileEncoding = 4; lastKnownFileType = sourcecode.c.objc; path = CreateDeviceViewController.m; sourceTree = SOURCE_ROOT; };
		3A84063419A1F04D007E3A6B /* UIdGenerator.h */ = {isa = PBXFileReference; fileEncoding = 4; lastKnownFileType = sourcecode.c.h; path = UIdGenerator.h; sourceTree = "<group>"; };
		3A84063519A1F04D007E3A6B /* UIdGenerator.m */ = {isa = PBXFileReference; fileEncoding = 4; lastKnownFileType = sourcecode.c.objc; path = UIdGenerator.m; sourceTree = "<group>"; };
		3A84064119A206DD007E3A6B /* Security.framework */ = {isa = PBXFileReference; lastKnownFileType = wrapper.framework; name = Security.framework; path = System/Library/Frameworks/Security.framework; sourceTree = SDKROOT; };
		3A84064319A208F4007E3A6B /* KeychainItemWrapper.h */ = {isa = PBXFileReference; fileEncoding = 4; lastKnownFileType = sourcecode.c.h; name = KeychainItemWrapper.h; path = "../../Downloads/gist1170641-521eec26e5ab95870af6a810665861deec14c5e9/KeychainItemWrapper.h"; sourceTree = "<group>"; };
		3A84064419A208F4007E3A6B /* KeychainItemWrapper.m */ = {isa = PBXFileReference; fileEncoding = 4; lastKnownFileType = sourcecode.c.objc; name = KeychainItemWrapper.m; path = "../../Downloads/gist1170641-521eec26e5ab95870af6a810665861deec14c5e9/KeychainItemWrapper.m"; sourceTree = "<group>"; };
		3A8B67DE19A4C21300740724 /* StartViewController.h */ = {isa = PBXFileReference; fileEncoding = 4; lastKnownFileType = sourcecode.c.h; name = StartViewController.h; path = ../StartViewController.h; sourceTree = "<group>"; };
		3A8B67DF19A4C21300740724 /* StartViewController.m */ = {isa = PBXFileReference; fileEncoding = 4; lastKnownFileType = sourcecode.c.objc; name = StartViewController.m; path = ../StartViewController.m; sourceTree = "<group>"; };
		3AA1C92A1973E15C00695409 /* CloudKit.framework */ = {isa = PBXFileReference; lastKnownFileType = wrapper.framework; name = CloudKit.framework; path = System/Library/Frameworks/CloudKit.framework; sourceTree = SDKROOT; };
		3AB5D5DE19A3484200D71CD2 /* de */ = {isa = PBXFileReference; lastKnownFileType = text.plist.strings; name = de; path = de.lproj/Localizable.strings; sourceTree = "<group>"; };
		3AC5A811198FB19C00576854 /* OverviewViewController.h */ = {isa = PBXFileReference; fileEncoding = 4; lastKnownFileType = sourcecode.c.h; name = OverviewViewController.h; path = ../OverviewViewController.h; sourceTree = "<group>"; };
		3AC5A812198FB19C00576854 /* OverviewViewController.m */ = {isa = PBXFileReference; fileEncoding = 4; lastKnownFileType = sourcecode.c.objc; name = OverviewViewController.m; path = ../OverviewViewController.m; sourceTree = "<group>"; };
		3AEA37F5199CA763001AAF71 /* UserDefaults.h */ = {isa = PBXFileReference; fileEncoding = 4; lastKnownFileType = sourcecode.c.h; path = UserDefaults.h; sourceTree = "<group>"; };
		3AEA37F6199CA763001AAF71 /* UserDefaults.m */ = {isa = PBXFileReference; fileEncoding = 4; lastKnownFileType = sourcecode.c.objc; path = UserDefaults.m; sourceTree = "<group>"; };
		3AEA37FB199CBD4D001AAF71 /* de */ = {isa = PBXFileReference; lastKnownFileType = text.plist.strings; name = de; path = de.lproj/InfoPlist.strings; sourceTree = "<group>"; };
		3AEA37FC199CBD4D001AAF71 /* de */ = {isa = PBXFileReference; lastKnownFileType = text.plist.strings; name = de; path = de.lproj/InfoPlist.strings; sourceTree = "<group>"; };
		3AF7C8FD199A2A8A00CF5B16 /* LogInViewController.h */ = {isa = PBXFileReference; fileEncoding = 4; lastKnownFileType = sourcecode.c.h; name = LogInViewController.h; path = ../LogInViewController.h; sourceTree = "<group>"; };
		3AF7C8FE199A2A8A00CF5B16 /* LogInViewController.m */ = {isa = PBXFileReference; fileEncoding = 4; lastKnownFileType = sourcecode.c.objc; name = LogInViewController.m; path = ../LogInViewController.m; sourceTree = "<group>"; };
		7D02BFC51973DE7F00E16DE8 /* Device Cabinet.entitlements */ = {isa = PBXFileReference; lastKnownFileType = text.xml; path = "Device Cabinet.entitlements"; sourceTree = "<group>"; };
		9562A03B19A3C96800233528 /* en */ = {isa = PBXFileReference; lastKnownFileType = text.plist.strings; name = en; path = en.lproj/Localizable.strings; sourceTree = "<group>"; };
		D3A6D4B45940492A9973C4BC /* libPods.a */ = {isa = PBXFileReference; explicitFileType = archive.ar; includeInIndex = 0; path = libPods.a; sourceTree = BUILT_PRODUCTS_DIR; };
/* End PBXFileReference section */

/* Begin PBXFrameworksBuildPhase section */
		3A5E177A19654AC700681289 /* Frameworks */ = {
			isa = PBXFrameworksBuildPhase;
			buildActionMask = 2147483647;
			files = (
				3A84064219A206DD007E3A6B /* Security.framework in Frameworks */,
				3A1BB836199BB94B00888298 /* MessageUI.framework in Frameworks */,
				3A5E178319654AC700681289 /* CoreGraphics.framework in Frameworks */,
				3AA1C92B1973E15C00695409 /* CloudKit.framework in Frameworks */,
				3A5E178519654AC700681289 /* UIKit.framework in Frameworks */,
				3A5E178119654AC700681289 /* Foundation.framework in Frameworks */,
				58F60DB70C28412EA2B6599D /* libPods.a in Frameworks */,
			);
			runOnlyForDeploymentPostprocessing = 0;
		};
		3A5E179519654AC700681289 /* Frameworks */ = {
			isa = PBXFrameworksBuildPhase;
			buildActionMask = 2147483647;
			files = (
				3A5E179A19654AC700681289 /* XCTest.framework in Frameworks */,
				3A5E179C19654AC700681289 /* UIKit.framework in Frameworks */,
				3A5E179B19654AC700681289 /* Foundation.framework in Frameworks */,
			);
			runOnlyForDeploymentPostprocessing = 0;
		};
/* End PBXFrameworksBuildPhase section */

/* Begin PBXGroup section */
		3A1BB827199BA52B00888298 /* Extensions */ = {
			isa = PBXGroup;
			children = (
				3A84063A19A1F5F4007E3A6B /* DeviceId */,
				3AEA37F8199CAC33001AAF71 /* UserDefaults */,
				3A1BB828199BA53E00888298 /* MD5 */,
				3A367EBD19921D9D004B6F13 /* CloudKit */,
			);
			name = Extensions;
			sourceTree = "<group>";
		};
		3A1BB828199BA53E00888298 /* MD5 */ = {
			isa = PBXGroup;
			children = (
				3A1BB823199B7B0300888298 /* MD5Extension.h */,
				3A1BB824199B7B0300888298 /* MD5Extension.m */,
			);
			name = MD5;
			sourceTree = "<group>";
		};
		3A1BB829199BA54D00888298 /* LogIn/Register */ = {
			isa = PBXGroup;
			children = (
				3A5E17B819654B2300681289 /* CreatePersonViewController.h */,
				3A5E17B919654B2300681289 /* CreatePersonViewController.m */,
				3A5E21AD196E86E20021CB13 /* CreateDeviceViewController.h */,
				3A5E21AE196E86E20021CB13 /* CreateDeviceViewController.m */,
				3AF7C8FD199A2A8A00CF5B16 /* LogInViewController.h */,
				3AF7C8FE199A2A8A00CF5B16 /* LogInViewController.m */,
			);
			name = LogIn/Register;
			sourceTree = "<group>";
		};
		3A1BB82A199BA5F600888298 /* Profil */ = {
			isa = PBXGroup;
			children = (
				3A367EBA19921CB1004B6F13 /* ProfileViewController.h */,
				3A367EBB19921CB1004B6F13 /* ProfileViewController.m */,
			);
			name = Profil;
			sourceTree = "<group>";
		};
		3A367EBD19921D9D004B6F13 /* CloudKit */ = {
			isa = PBXGroup;
			children = (
				3A367EBE19921DE2004B6F13 /* CloudKitManager.h */,
				3A367EBF19921DE2004B6F13 /* CloudKitManager.m */,
			);
			name = CloudKit;
			sourceTree = "<group>";
		};
		3A5E177419654AC700681289 = {
			isa = PBXGroup;
			children = (
				3A5E17BB19654BBE00681289 /* Main.storyboard */,
				3A5E17AF19654AED00681289 /* Person.h */,
				3A5E17B019654AED00681289 /* Person.m */,
				3A5E17B219654AF900681289 /* Device.h */,
				3A5E17B319654AF900681289 /* Device.m */,
				3A1BB827199BA52B00888298 /* Extensions */,
				3A5E178619654AC700681289 /* Device Cabinet */,
				3A5E179F19654AC700681289 /* Device CabinetTests */,
				3A5E177F19654AC700681289 /* Frameworks */,
				3A5E177E19654AC700681289 /* Products */,
				19E8A0D3227D45BBA4DD749B /* Pods.xcconfig */,
			);
			sourceTree = "<group>";
		};
		3A5E177E19654AC700681289 /* Products */ = {
			isa = PBXGroup;
			children = (
				3A5E177D19654AC700681289 /* Device Cabinet.app */,
				3A5E179819654AC700681289 /* Device CabinetTests.xctest */,
			);
			name = Products;
			sourceTree = "<group>";
		};
		3A5E177F19654AC700681289 /* Frameworks */ = {
			isa = PBXGroup;
			children = (
				3A84064119A206DD007E3A6B /* Security.framework */,
				3A1BB835199BB94B00888298 /* MessageUI.framework */,
				3AA1C92A1973E15C00695409 /* CloudKit.framework */,
				3A5E178019654AC700681289 /* Foundation.framework */,
				3A5E178219654AC700681289 /* CoreGraphics.framework */,
				3A5E178419654AC700681289 /* UIKit.framework */,
				3A5E179919654AC700681289 /* XCTest.framework */,
				D3A6D4B45940492A9973C4BC /* libPods.a */,
			);
			name = Frameworks;
			sourceTree = "<group>";
		};
		3A5E178619654AC700681289 /* Device Cabinet */ = {
			isa = PBXGroup;
			children = (
				3A8B67DE19A4C21300740724 /* StartViewController.h */,
				3A8B67DF19A4C21300740724 /* StartViewController.m */,
				3A1BB82A199BA5F600888298 /* Profil */,
				3A1BB829199BA54D00888298 /* LogIn/Register */,
				3A367EC11992233E004B6F13 /* DeviceViewController.h */,
				3A367EC21992233E004B6F13 /* DeviceViewController.m */,
				3AC5A811198FB19C00576854 /* OverviewViewController.h */,
				3AC5A812198FB19C00576854 /* OverviewViewController.m */,
				3AEA37FF199CBD76001AAF71 /* Localizable.strings */,
				7D02BFC51973DE7F00E16DE8 /* Device Cabinet.entitlements */,
				3A5E178F19654AC700681289 /* AppDelegate.h */,
				3A5E179019654AC700681289 /* AppDelegate.m */,
				3A5E179219654AC700681289 /* Images.xcassets */,
				3A5E178719654AC700681289 /* Supporting Files */,
			);
			path = "Device Cabinet";
			sourceTree = "<group>";
		};
		3A5E178719654AC700681289 /* Supporting Files */ = {
			isa = PBXGroup;
			children = (
				3A5E178819654AC700681289 /* Device Cabinet-Info.plist */,
				3A5E178919654AC700681289 /* InfoPlist.strings */,
				3A5E178C19654AC700681289 /* main.m */,
				3A5E178E19654AC700681289 /* Device Cabinet-Prefix.pch */,
			);
			name = "Supporting Files";
			sourceTree = "<group>";
		};
		3A5E179F19654AC700681289 /* Device CabinetTests */ = {
			isa = PBXGroup;
			children = (
				3A5E17A519654AC700681289 /* Device_CabinetTests.m */,
				3A5E17A019654AC700681289 /* Supporting Files */,
			);
			path = "Device CabinetTests";
			sourceTree = "<group>";
		};
		3A5E17A019654AC700681289 /* Supporting Files */ = {
			isa = PBXGroup;
			children = (
				3A5E17A119654AC700681289 /* Device CabinetTests-Info.plist */,
				3A5E17A219654AC700681289 /* InfoPlist.strings */,
			);
			name = "Supporting Files";
			sourceTree = "<group>";
		};
		3A84063A19A1F5F4007E3A6B /* DeviceId */ = {
			isa = PBXGroup;
			children = (
				3A84064319A208F4007E3A6B /* KeychainItemWrapper.h */,
				3A84064419A208F4007E3A6B /* KeychainItemWrapper.m */,
				3A84063419A1F04D007E3A6B /* UIdGenerator.h */,
				3A84063519A1F04D007E3A6B /* UIdGenerator.m */,
			);
			name = DeviceId;
			sourceTree = "<group>";
		};
		3AEA37F8199CAC33001AAF71 /* UserDefaults */ = {
			isa = PBXGroup;
			children = (
				3AEA37F5199CA763001AAF71 /* UserDefaults.h */,
				3AEA37F6199CA763001AAF71 /* UserDefaults.m */,
			);
			name = UserDefaults;
			sourceTree = "<group>";
		};
/* End PBXGroup section */

/* Begin PBXNativeTarget section */
		3A5E177C19654AC700681289 /* Device Cabinet */ = {
			isa = PBXNativeTarget;
			buildConfigurationList = 3A5E17A919654AC700681289 /* Build configuration list for PBXNativeTarget "Device Cabinet" */;
			buildPhases = (
				377835CA21674B189D0A93A6 /* Check Pods Manifest.lock */,
				3A5E177919654AC700681289 /* Sources */,
				3A5E177A19654AC700681289 /* Frameworks */,
				3A5E177B19654AC700681289 /* Resources */,
				7A4093C06BA74ED0B25D7E47 /* Copy Pods Resources */,
			);
			buildRules = (
			);
			dependencies = (
			);
			name = "Device Cabinet";
			productName = "Device Cabinet";
			productReference = 3A5E177D19654AC700681289 /* Device Cabinet.app */;
			productType = "com.apple.product-type.application";
		};
		3A5E179719654AC700681289 /* Device CabinetTests */ = {
			isa = PBXNativeTarget;
			buildConfigurationList = 3A5E17AC19654AC700681289 /* Build configuration list for PBXNativeTarget "Device CabinetTests" */;
			buildPhases = (
				3A5E179419654AC700681289 /* Sources */,
				3A5E179519654AC700681289 /* Frameworks */,
				3A5E179619654AC700681289 /* Resources */,
			);
			buildRules = (
			);
			dependencies = (
				3A5E179E19654AC700681289 /* PBXTargetDependency */,
				3AAC5C9F197E6E49006D26CE /* PBXTargetDependency */,
				3AAC5CA1197E6E49006D26CE /* PBXTargetDependency */,
				3A1BB832199BB92200888298 /* PBXTargetDependency */,
				3A1BB834199BB92200888298 /* PBXTargetDependency */,
			);
			name = "Device CabinetTests";
			productName = "Device CabinetTests";
			productReference = 3A5E179819654AC700681289 /* Device CabinetTests.xctest */;
			productType = "com.apple.product-type.bundle.unit-test";
		};
/* End PBXNativeTarget section */

/* Begin PBXProject section */
		3A5E177519654AC700681289 /* Project object */ = {
			isa = PBXProject;
			attributes = {
				LastUpgradeCheck = 0510;
				ORGANIZATIONNAME = "___FULLUSERNAME___";
				TargetAttributes = {
					3A5E177C19654AC700681289 = {
						DevelopmentTeam = LPDJDFJM54;
						SystemCapabilities = {
							com.apple.iCloud = {
								enabled = 1;
							};
						};
					};
					3A5E179719654AC700681289 = {
						TestTargetID = 3A5E177C19654AC700681289;
					};
				};
			};
			buildConfigurationList = 3A5E177819654AC700681289 /* Build configuration list for PBXProject "Device Cabinet" */;
			compatibilityVersion = "Xcode 3.2";
			developmentRegion = English;
			hasScannedForEncodings = 0;
			knownRegions = (
				en,
				de,
			);
			mainGroup = 3A5E177419654AC700681289;
			productRefGroup = 3A5E177E19654AC700681289 /* Products */;
			projectDirPath = "";
			projectRoot = "";
			targets = (
				3A5E177C19654AC700681289 /* Device Cabinet */,
				3A5E179719654AC700681289 /* Device CabinetTests */,
			);
		};
/* End PBXProject section */

/* Begin PBXResourcesBuildPhase section */
		3A5E177B19654AC700681289 /* Resources */ = {
			isa = PBXResourcesBuildPhase;
			buildActionMask = 2147483647;
			files = (
				3A5E178B19654AC700681289 /* InfoPlist.strings in Resources */,
				3AEA37FD199CBD76001AAF71 /* Localizable.strings in Resources */,
				3A5E179319654AC700681289 /* Images.xcassets in Resources */,
				3A5E17BC19654BBE00681289 /* Main.storyboard in Resources */,
			);
			runOnlyForDeploymentPostprocessing = 0;
		};
		3A5E179619654AC700681289 /* Resources */ = {
			isa = PBXResourcesBuildPhase;
			buildActionMask = 2147483647;
			files = (
				3A5E17A419654AC700681289 /* InfoPlist.strings in Resources */,
			);
			runOnlyForDeploymentPostprocessing = 0;
		};
/* End PBXResourcesBuildPhase section */

/* Begin PBXShellScriptBuildPhase section */
		377835CA21674B189D0A93A6 /* Check Pods Manifest.lock */ = {
			isa = PBXShellScriptBuildPhase;
			buildActionMask = 2147483647;
			files = (
			);
			inputPaths = (
			);
			name = "Check Pods Manifest.lock";
			outputPaths = (
			);
			runOnlyForDeploymentPostprocessing = 0;
			shellPath = /bin/sh;
			shellScript = "diff \"${PODS_ROOT}/../Podfile.lock\" \"${PODS_ROOT}/Manifest.lock\" > /dev/null\nif [[ $? != 0 ]] ; then\n    cat << EOM\nerror: The sandbox is not in sync with the Podfile.lock. Run 'pod install' or update your CocoaPods installation.\nEOM\n    exit 1\nfi\n";
			showEnvVarsInLog = 0;
		};
		7A4093C06BA74ED0B25D7E47 /* Copy Pods Resources */ = {
			isa = PBXShellScriptBuildPhase;
			buildActionMask = 2147483647;
			files = (
			);
			inputPaths = (
			);
			name = "Copy Pods Resources";
			outputPaths = (
			);
			runOnlyForDeploymentPostprocessing = 0;
			shellPath = /bin/sh;
			shellScript = "\"${SRCROOT}/Pods/Pods-resources.sh\"\n";
			showEnvVarsInLog = 0;
		};
/* End PBXShellScriptBuildPhase section */

/* Begin PBXSourcesBuildPhase section */
		3A5E177919654AC700681289 /* Sources */ = {
			isa = PBXSourcesBuildPhase;
			buildActionMask = 2147483647;
			files = (
				3AEA37F7199CA763001AAF71 /* UserDefaults.m in Sources */,
				3A367EBC19921CB1004B6F13 /* ProfileViewController.m in Sources */,
				3A84063619A1F04D007E3A6B /* UIdGenerator.m in Sources */,
				3AC5A813198FB19C00576854 /* OverviewViewController.m in Sources */,
				3A5E17B119654AED00681289 /* Person.m in Sources */,
				3A367EC019921DE2004B6F13 /* CloudKitManager.m in Sources */,
				3A5E21AF196E86E20021CB13 /* CreateDeviceViewController.m in Sources */,
				3A5E179119654AC700681289 /* AppDelegate.m in Sources */,
				3A5E178D19654AC700681289 /* main.m in Sources */,
				3AF7C8FF199A2A8A00CF5B16 /* LogInViewController.m in Sources */,
				3A367EC31992233E004B6F13 /* DeviceViewController.m in Sources */,
				3A5E17B419654AF900681289 /* Device.m in Sources */,
				3A8B67E019A4C21300740724 /* StartViewController.m in Sources */,
				3A1BB825199B7B0300888298 /* MD5Extension.m in Sources */,
				3A5E17BA19654B2300681289 /* CreatePersonViewController.m in Sources */,
			);
			runOnlyForDeploymentPostprocessing = 0;
		};
		3A5E179419654AC700681289 /* Sources */ = {
			isa = PBXSourcesBuildPhase;
			buildActionMask = 2147483647;
			files = (
				3A5E17A619654AC700681289 /* Device_CabinetTests.m in Sources */,
			);
			runOnlyForDeploymentPostprocessing = 0;
		};
/* End PBXSourcesBuildPhase section */

/* Begin PBXTargetDependency section */
		3A1BB832199BB92200888298 /* PBXTargetDependency */ = {
			isa = PBXTargetDependency;
			target = 3A5E177C19654AC700681289 /* Device Cabinet */;
			targetProxy = 3A1BB831199BB92200888298 /* PBXContainerItemProxy */;
		};
		3A1BB834199BB92200888298 /* PBXTargetDependency */ = {
			isa = PBXTargetDependency;
			target = 3A5E177C19654AC700681289 /* Device Cabinet */;
			targetProxy = 3A1BB833199BB92200888298 /* PBXContainerItemProxy */;
		};
		3A5E179E19654AC700681289 /* PBXTargetDependency */ = {
			isa = PBXTargetDependency;
			target = 3A5E177C19654AC700681289 /* Device Cabinet */;
			targetProxy = 3A5E179D19654AC700681289 /* PBXContainerItemProxy */;
		};
		3AAC5C9F197E6E49006D26CE /* PBXTargetDependency */ = {
			isa = PBXTargetDependency;
			target = 3A5E177C19654AC700681289 /* Device Cabinet */;
			targetProxy = 3AAC5C9E197E6E49006D26CE /* PBXContainerItemProxy */;
		};
		3AAC5CA1197E6E49006D26CE /* PBXTargetDependency */ = {
			isa = PBXTargetDependency;
			target = 3A5E177C19654AC700681289 /* Device Cabinet */;
			targetProxy = 3AAC5CA0197E6E49006D26CE /* PBXContainerItemProxy */;
		};
/* End PBXTargetDependency section */

/* Begin PBXVariantGroup section */
		3A5E178919654AC700681289 /* InfoPlist.strings */ = {
			isa = PBXVariantGroup;
			children = (
				3A5E178A19654AC700681289 /* en */,
				3AEA37FB199CBD4D001AAF71 /* de */,
			);
			name = InfoPlist.strings;
			sourceTree = "<group>";
		};
		3A5E17A219654AC700681289 /* InfoPlist.strings */ = {
			isa = PBXVariantGroup;
			children = (
				3A5E17A319654AC700681289 /* en */,
				3AEA37FC199CBD4D001AAF71 /* de */,
			);
			name = InfoPlist.strings;
			sourceTree = "<group>";
		};
		3AEA37FF199CBD76001AAF71 /* Localizable.strings */ = {
			isa = PBXVariantGroup;
			children = (
				3AB5D5DE19A3484200D71CD2 /* de */,
				9562A03B19A3C96800233528 /* en */,
			);
			name = Localizable.strings;
			sourceTree = "<group>";
		};
/* End PBXVariantGroup section */

/* Begin XCBuildConfiguration section */
		3A5E17A719654AC700681289 /* Debug */ = {
			isa = XCBuildConfiguration;
			buildSettings = {
				ALWAYS_SEARCH_USER_PATHS = NO;
				CLANG_CXX_LANGUAGE_STANDARD = "gnu++0x";
				CLANG_CXX_LIBRARY = "libc++";
				CLANG_ENABLE_MODULES = YES;
				CLANG_ENABLE_OBJC_ARC = YES;
				CLANG_WARN_BOOL_CONVERSION = YES;
				CLANG_WARN_CONSTANT_CONVERSION = YES;
				CLANG_WARN_DIRECT_OBJC_ISA_USAGE = YES_ERROR;
				CLANG_WARN_EMPTY_BODY = YES;
				CLANG_WARN_ENUM_CONVERSION = YES;
				CLANG_WARN_INT_CONVERSION = YES;
				CLANG_WARN_OBJC_ROOT_CLASS = YES_ERROR;
				CLANG_WARN__DUPLICATE_METHOD_MATCH = YES;
				"CODE_SIGN_IDENTITY[sdk=iphoneos*]" = "iPhone Developer";
				COPY_PHASE_STRIP = NO;
				GCC_C_LANGUAGE_STANDARD = gnu99;
				GCC_DYNAMIC_NO_PIC = NO;
				GCC_OPTIMIZATION_LEVEL = 0;
				GCC_PREPROCESSOR_DEFINITIONS = (
					"DEBUG=1",
					"$(inherited)",
				);
				GCC_SYMBOLS_PRIVATE_EXTERN = NO;
				GCC_WARN_64_TO_32_BIT_CONVERSION = YES;
				GCC_WARN_ABOUT_RETURN_TYPE = YES_ERROR;
				GCC_WARN_UNDECLARED_SELECTOR = YES;
				GCC_WARN_UNINITIALIZED_AUTOS = YES_AGGRESSIVE;
				GCC_WARN_UNUSED_FUNCTION = YES;
				GCC_WARN_UNUSED_VARIABLE = YES;
				IPHONEOS_DEPLOYMENT_TARGET = 7.1;
				ONLY_ACTIVE_ARCH = YES;
				SDKROOT = iphoneos;
			};
			name = Debug;
		};
		3A5E17A819654AC700681289 /* Release */ = {
			isa = XCBuildConfiguration;
			buildSettings = {
				ALWAYS_SEARCH_USER_PATHS = NO;
				CLANG_CXX_LANGUAGE_STANDARD = "gnu++0x";
				CLANG_CXX_LIBRARY = "libc++";
				CLANG_ENABLE_MODULES = YES;
				CLANG_ENABLE_OBJC_ARC = YES;
				CLANG_WARN_BOOL_CONVERSION = YES;
				CLANG_WARN_CONSTANT_CONVERSION = YES;
				CLANG_WARN_DIRECT_OBJC_ISA_USAGE = YES_ERROR;
				CLANG_WARN_EMPTY_BODY = YES;
				CLANG_WARN_ENUM_CONVERSION = YES;
				CLANG_WARN_INT_CONVERSION = YES;
				CLANG_WARN_OBJC_ROOT_CLASS = YES_ERROR;
				CLANG_WARN__DUPLICATE_METHOD_MATCH = YES;
				"CODE_SIGN_IDENTITY[sdk=iphoneos*]" = "iPhone Developer";
				COPY_PHASE_STRIP = YES;
				ENABLE_NS_ASSERTIONS = NO;
				GCC_C_LANGUAGE_STANDARD = gnu99;
				GCC_WARN_64_TO_32_BIT_CONVERSION = YES;
				GCC_WARN_ABOUT_RETURN_TYPE = YES_ERROR;
				GCC_WARN_UNDECLARED_SELECTOR = YES;
				GCC_WARN_UNINITIALIZED_AUTOS = YES_AGGRESSIVE;
				GCC_WARN_UNUSED_FUNCTION = YES;
				GCC_WARN_UNUSED_VARIABLE = YES;
				IPHONEOS_DEPLOYMENT_TARGET = 7.1;
				SDKROOT = iphoneos;
				VALIDATE_PRODUCT = YES;
			};
			name = Release;
		};
		3A5E17AA19654AC700681289 /* Debug */ = {
			isa = XCBuildConfiguration;
			baseConfigurationReference = 19E8A0D3227D45BBA4DD749B /* Pods.xcconfig */;
			buildSettings = {
				ASSETCATALOG_COMPILER_APPICON_NAME = AppIcon;
				ASSETCATALOG_COMPILER_LAUNCHIMAGE_NAME = LaunchImage;
				CODE_SIGN_ENTITLEMENTS = "Device Cabinet/Device Cabinet.entitlements";
				CODE_SIGN_IDENTITY = "iPhone Developer";
				"CODE_SIGN_IDENTITY[sdk=iphoneos*]" = "iPhone Developer";
				GCC_PRECOMPILE_PREFIX_HEADER = YES;
				GCC_PREFIX_HEADER = "Device Cabinet/Device Cabinet-Prefix.pch";
				INFOPLIST_FILE = "Device Cabinet/Device Cabinet-Info.plist";
				IPHONEOS_DEPLOYMENT_TARGET = 8.0;
				PRODUCT_NAME = "$(TARGET_NAME)";
				PROVISIONING_PROFILE = "";
				WRAPPER_EXTENSION = app;
			};
			name = Debug;
		};
		3A5E17AB19654AC700681289 /* Release */ = {
			isa = XCBuildConfiguration;
			baseConfigurationReference = 19E8A0D3227D45BBA4DD749B /* Pods.xcconfig */;
			buildSettings = {
				ASSETCATALOG_COMPILER_APPICON_NAME = AppIcon;
				ASSETCATALOG_COMPILER_LAUNCHIMAGE_NAME = LaunchImage;
				CODE_SIGN_ENTITLEMENTS = "Device Cabinet/Device Cabinet.entitlements";
				CODE_SIGN_IDENTITY = "iPhone Developer";
				"CODE_SIGN_IDENTITY[sdk=iphoneos*]" = "iPhone Developer";
				GCC_PRECOMPILE_PREFIX_HEADER = YES;
				GCC_PREFIX_HEADER = "Device Cabinet/Device Cabinet-Prefix.pch";
				INFOPLIST_FILE = "Device Cabinet/Device Cabinet-Info.plist";
				IPHONEOS_DEPLOYMENT_TARGET = 8.0;
				PRODUCT_NAME = "$(TARGET_NAME)";
				PROVISIONING_PROFILE = "";
				WRAPPER_EXTENSION = app;
			};
			name = Release;
		};
		3A5E17AD19654AC700681289 /* Debug */ = {
			isa = XCBuildConfiguration;
			buildSettings = {
				BUNDLE_LOADER = "$(BUILT_PRODUCTS_DIR)/Device Cabinet.app/Device Cabinet";
				FRAMEWORK_SEARCH_PATHS = (
					"$(SDKROOT)/Developer/Library/Frameworks",
					"$(inherited)",
					"$(DEVELOPER_FRAMEWORKS_DIR)",
				);
				GCC_PRECOMPILE_PREFIX_HEADER = YES;
				GCC_PREFIX_HEADER = "Device Cabinet/Device Cabinet-Prefix.pch";
				GCC_PREPROCESSOR_DEFINITIONS = (
					"DEBUG=1",
					"$(inherited)",
				);
				INFOPLIST_FILE = "Device CabinetTests/Device CabinetTests-Info.plist";
				PRODUCT_NAME = "$(TARGET_NAME)";
				TEST_HOST = "$(BUNDLE_LOADER)";
				WRAPPER_EXTENSION = xctest;
			};
			name = Debug;
		};
		3A5E17AE19654AC700681289 /* Release */ = {
			isa = XCBuildConfiguration;
			buildSettings = {
				BUNDLE_LOADER = "$(BUILT_PRODUCTS_DIR)/Device Cabinet.app/Device Cabinet";
				FRAMEWORK_SEARCH_PATHS = (
					"$(SDKROOT)/Developer/Library/Frameworks",
					"$(inherited)",
					"$(DEVELOPER_FRAMEWORKS_DIR)",
				);
				GCC_PRECOMPILE_PREFIX_HEADER = YES;
				GCC_PREFIX_HEADER = "Device Cabinet/Device Cabinet-Prefix.pch";
				INFOPLIST_FILE = "Device CabinetTests/Device CabinetTests-Info.plist";
				PRODUCT_NAME = "$(TARGET_NAME)";
				TEST_HOST = "$(BUNDLE_LOADER)";
				WRAPPER_EXTENSION = xctest;
			};
			name = Release;
		};
/* End XCBuildConfiguration section */

/* Begin XCConfigurationList section */
		3A5E177819654AC700681289 /* Build configuration list for PBXProject "Device Cabinet" */ = {
			isa = XCConfigurationList;
			buildConfigurations = (
				3A5E17A719654AC700681289 /* Debug */,
				3A5E17A819654AC700681289 /* Release */,
			);
			defaultConfigurationIsVisible = 0;
			defaultConfigurationName = Release;
		};
		3A5E17A919654AC700681289 /* Build configuration list for PBXNativeTarget "Device Cabinet" */ = {
			isa = XCConfigurationList;
			buildConfigurations = (
				3A5E17AA19654AC700681289 /* Debug */,
				3A5E17AB19654AC700681289 /* Release */,
			);
			defaultConfigurationIsVisible = 0;
			defaultConfigurationName = Release;
		};
		3A5E17AC19654AC700681289 /* Build configuration list for PBXNativeTarget "Device CabinetTests" */ = {
			isa = XCConfigurationList;
			buildConfigurations = (
				3A5E17AD19654AC700681289 /* Debug */,
				3A5E17AE19654AC700681289 /* Release */,
			);
			defaultConfigurationIsVisible = 0;
			defaultConfigurationName = Release;
		};
/* End XCConfigurationList section */
	};
	rootObject = 3A5E177519654AC700681289 /* Project object */;
}
