<?xml version="1.0" encoding="UTF-8"?>
<!DOCTYPE plist PUBLIC "-//Apple//DTD PLIST 1.0//EN" "http://www.apple.com/DTDs/PropertyList-1.0.dtd">
<plist version="1.0">
<dict>
	<key>archiveVersion</key>
	<string>1</string>
	<key>classes</key>
	<dict/>
	<key>objectVersion</key>
	<string>46</string>
	<key>objects</key>
	<dict>
		<key>167E8FF55A544972B4EA9010</key>
		<dict>
			<key>buildActionMask</key>
			<string>2147483647</string>
			<key>files</key>
			<array/>
			<key>inputPaths</key>
			<array/>
			<key>isa</key>
			<string>PBXShellScriptBuildPhase</string>
			<key>name</key>
			<string>Check Pods Manifest.lock</string>
			<key>outputPaths</key>
			<array/>
			<key>runOnlyForDeploymentPostprocessing</key>
			<string>0</string>
			<key>shellPath</key>
			<string>/bin/sh</string>
			<key>shellScript</key>
			<string>diff "${PODS_ROOT}/../Podfile.lock" "${PODS_ROOT}/Manifest.lock" &gt; /dev/null
if [[ $? != 0 ]] ; then
    cat &lt;&lt; EOM
error: The sandbox is not in sync with the Podfile.lock. Run 'pod install' or update your CocoaPods installation.
EOM
    exit 1
fi
</string>
			<key>showEnvVarsInLog</key>
			<string>0</string>
		</dict>
		<key>19E8A0D3227D45BBA4DD749B</key>
		<dict>
			<key>includeInIndex</key>
			<string>1</string>
			<key>isa</key>
			<string>PBXFileReference</string>
			<key>lastKnownFileType</key>
			<string>text.xcconfig</string>
			<key>name</key>
			<string>Pods.xcconfig</string>
			<key>path</key>
			<string>Pods/Pods.xcconfig</string>
			<key>sourceTree</key>
			<string>&lt;group&gt;</string>
		</dict>
		<key>22BB0258F7FF4740B82A5881</key>
		<dict>
			<key>fileRef</key>
			<string>D3A6D4B45940492A9973C4BC</string>
			<key>isa</key>
			<string>PBXBuildFile</string>
		</dict>
		<key>377835CA21674B189D0A93A6</key>
		<dict>
			<key>buildActionMask</key>
			<string>2147483647</string>
			<key>files</key>
			<array/>
			<key>inputPaths</key>
			<array/>
			<key>isa</key>
			<string>PBXShellScriptBuildPhase</string>
			<key>name</key>
			<string>Check Pods Manifest.lock</string>
			<key>outputPaths</key>
			<array/>
			<key>runOnlyForDeploymentPostprocessing</key>
			<string>0</string>
			<key>shellPath</key>
			<string>/bin/sh</string>
			<key>shellScript</key>
			<string>diff "${PODS_ROOT}/../Podfile.lock" "${PODS_ROOT}/Manifest.lock" &gt; /dev/null
if [[ $? != 0 ]] ; then
    cat &lt;&lt; EOM
error: The sandbox is not in sync with the Podfile.lock. Run 'pod install' or update your CocoaPods installation.
EOM
    exit 1
fi
</string>
			<key>showEnvVarsInLog</key>
			<string>0</string>
		</dict>
		<key>3A1BB827199BA52B00888298</key>
		<dict>
			<key>children</key>
			<array>
				<string>3AE15A3F19AB7A390003BF60</string>
				<string>3A84063A19A1F5F4007E3A6B</string>
				<string>3AEA37F8199CAC33001AAF71</string>
				<string>3A367EBD19921D9D004B6F13</string>
			</array>
			<key>isa</key>
			<string>PBXGroup</string>
			<key>name</key>
			<string>Extensions</string>
			<key>sourceTree</key>
			<string>&lt;group&gt;</string>
		</dict>
		<key>3A1BB829199BA54D00888298</key>
		<dict>
			<key>children</key>
			<array>
				<string>3A5E17B819654B2300681289</string>
				<string>3A5E17B919654B2300681289</string>
				<string>3A5E21AD196E86E20021CB13</string>
				<string>3A5E21AE196E86E20021CB13</string>
				<string>3AF7C8FD199A2A8A00CF5B16</string>
				<string>3AF7C8FE199A2A8A00CF5B16</string>
			</array>
			<key>isa</key>
			<string>PBXGroup</string>
			<key>name</key>
			<string>LogIn/Register</string>
			<key>sourceTree</key>
			<string>&lt;group&gt;</string>
		</dict>
		<key>3A1BB82A199BA5F600888298</key>
		<dict>
			<key>children</key>
			<array>
				<string>3A367EBA19921CB1004B6F13</string>
				<string>3A367EBB19921CB1004B6F13</string>
			</array>
			<key>isa</key>
			<string>PBXGroup</string>
			<key>name</key>
			<string>Profil</string>
			<key>sourceTree</key>
			<string>&lt;group&gt;</string>
		</dict>
		<key>3A1BB831199BB92200888298</key>
		<dict>
			<key>containerPortal</key>
			<string>3A5E177519654AC700681289</string>
			<key>isa</key>
			<string>PBXContainerItemProxy</string>
			<key>proxyType</key>
			<string>1</string>
			<key>remoteGlobalIDString</key>
			<string>3A5E177C19654AC700681289</string>
			<key>remoteInfo</key>
			<string>Device Cabinet</string>
		</dict>
		<key>3A1BB832199BB92200888298</key>
		<dict>
			<key>isa</key>
			<string>PBXTargetDependency</string>
			<key>target</key>
			<string>3A5E177C19654AC700681289</string>
			<key>targetProxy</key>
			<string>3A1BB831199BB92200888298</string>
		</dict>
		<key>3A1BB833199BB92200888298</key>
		<dict>
			<key>containerPortal</key>
			<string>3A5E177519654AC700681289</string>
			<key>isa</key>
			<string>PBXContainerItemProxy</string>
			<key>proxyType</key>
			<string>1</string>
			<key>remoteGlobalIDString</key>
			<string>3A5E177C19654AC700681289</string>
			<key>remoteInfo</key>
			<string>Device Cabinet</string>
		</dict>
		<key>3A1BB834199BB92200888298</key>
		<dict>
			<key>isa</key>
			<string>PBXTargetDependency</string>
			<key>target</key>
			<string>3A5E177C19654AC700681289</string>
			<key>targetProxy</key>
			<string>3A1BB833199BB92200888298</string>
		</dict>
		<key>3A1BB835199BB94B00888298</key>
		<dict>
			<key>isa</key>
			<string>PBXFileReference</string>
			<key>lastKnownFileType</key>
			<string>wrapper.framework</string>
			<key>name</key>
			<string>MessageUI.framework</string>
			<key>path</key>
			<string>System/Library/Frameworks/MessageUI.framework</string>
			<key>sourceTree</key>
			<string>SDKROOT</string>
		</dict>
		<key>3A1BB836199BB94B00888298</key>
		<dict>
			<key>fileRef</key>
			<string>3A1BB835199BB94B00888298</string>
			<key>isa</key>
			<string>PBXBuildFile</string>
		</dict>
		<key>3A367EBA19921CB1004B6F13</key>
		<dict>
			<key>fileEncoding</key>
			<string>4</string>
			<key>isa</key>
			<string>PBXFileReference</string>
			<key>lastKnownFileType</key>
			<string>sourcecode.c.h</string>
			<key>name</key>
			<string>ProfileViewController.h</string>
			<key>path</key>
			<string>../ProfileViewController.h</string>
			<key>sourceTree</key>
			<string>&lt;group&gt;</string>
		</dict>
		<key>3A367EBB19921CB1004B6F13</key>
		<dict>
			<key>fileEncoding</key>
			<string>4</string>
			<key>isa</key>
			<string>PBXFileReference</string>
			<key>lastKnownFileType</key>
			<string>sourcecode.c.objc</string>
			<key>name</key>
			<string>ProfileViewController.m</string>
			<key>path</key>
			<string>../ProfileViewController.m</string>
			<key>sourceTree</key>
			<string>&lt;group&gt;</string>
		</dict>
		<key>3A367EBC19921CB1004B6F13</key>
		<dict>
			<key>fileRef</key>
			<string>3A367EBB19921CB1004B6F13</string>
			<key>isa</key>
			<string>PBXBuildFile</string>
		</dict>
		<key>3A367EBD19921D9D004B6F13</key>
		<dict>
			<key>children</key>
			<array>
				<string>3A367EBE19921DE2004B6F13</string>
				<string>3A367EBF19921DE2004B6F13</string>
			</array>
			<key>isa</key>
			<string>PBXGroup</string>
			<key>name</key>
			<string>CloudKit</string>
			<key>sourceTree</key>
			<string>&lt;group&gt;</string>
		</dict>
		<key>3A367EBE19921DE2004B6F13</key>
		<dict>
			<key>fileEncoding</key>
			<string>4</string>
			<key>isa</key>
			<string>PBXFileReference</string>
			<key>lastKnownFileType</key>
			<string>sourcecode.c.h</string>
			<key>path</key>
			<string>CloudKitManager.h</string>
			<key>sourceTree</key>
			<string>&lt;group&gt;</string>
		</dict>
		<key>3A367EBF19921DE2004B6F13</key>
		<dict>
			<key>fileEncoding</key>
			<string>4</string>
			<key>isa</key>
			<string>PBXFileReference</string>
			<key>lastKnownFileType</key>
			<string>sourcecode.c.objc</string>
			<key>path</key>
			<string>CloudKitManager.m</string>
			<key>sourceTree</key>
			<string>&lt;group&gt;</string>
		</dict>
		<key>3A367EC019921DE2004B6F13</key>
		<dict>
			<key>fileRef</key>
			<string>3A367EBF19921DE2004B6F13</string>
			<key>isa</key>
			<string>PBXBuildFile</string>
		</dict>
		<key>3A367EC11992233E004B6F13</key>
		<dict>
			<key>fileEncoding</key>
			<string>4</string>
			<key>isa</key>
			<string>PBXFileReference</string>
			<key>lastKnownFileType</key>
			<string>sourcecode.c.h</string>
			<key>name</key>
			<string>DeviceViewController.h</string>
			<key>path</key>
			<string>../DeviceViewController.h</string>
			<key>sourceTree</key>
			<string>&lt;group&gt;</string>
		</dict>
		<key>3A367EC21992233E004B6F13</key>
		<dict>
			<key>fileEncoding</key>
			<string>4</string>
			<key>isa</key>
			<string>PBXFileReference</string>
			<key>lastKnownFileType</key>
			<string>sourcecode.c.objc</string>
			<key>name</key>
			<string>DeviceViewController.m</string>
			<key>path</key>
			<string>../DeviceViewController.m</string>
			<key>sourceTree</key>
			<string>&lt;group&gt;</string>
		</dict>
		<key>3A367EC31992233E004B6F13</key>
		<dict>
			<key>fileRef</key>
			<string>3A367EC21992233E004B6F13</string>
			<key>isa</key>
			<string>PBXBuildFile</string>
		</dict>
		<key>3A5E177419654AC700681289</key>
		<dict>
			<key>children</key>
			<array>
				<string>3A5E17BB19654BBE00681289</string>
				<string>3A5E17AF19654AED00681289</string>
				<string>3A5E17B019654AED00681289</string>
				<string>3A5E17B219654AF900681289</string>
				<string>3A5E17B319654AF900681289</string>
				<string>3A1BB827199BA52B00888298</string>
				<string>3A5E178619654AC700681289</string>
				<string>3A5E179F19654AC700681289</string>
				<string>3A5E177F19654AC700681289</string>
				<string>3A5E177E19654AC700681289</string>
				<string>19E8A0D3227D45BBA4DD749B</string>
			</array>
			<key>isa</key>
			<string>PBXGroup</string>
			<key>sourceTree</key>
			<string>&lt;group&gt;</string>
		</dict>
		<key>3A5E177519654AC700681289</key>
		<dict>
			<key>attributes</key>
			<dict>
				<key>LastUpgradeCheck</key>
				<string>0510</string>
				<key>ORGANIZATIONNAME</key>
				<string>___FULLUSERNAME___</string>
				<key>TargetAttributes</key>
				<dict>
					<key>3A5E177C19654AC700681289</key>
					<dict>
						<key>DevelopmentTeam</key>
						<string>LPDJDFJM54</string>
						<key>SystemCapabilities</key>
						<dict>
							<key>com.apple.iCloud</key>
							<dict>
								<key>enabled</key>
								<string>1</string>
							</dict>
						</dict>
					</dict>
					<key>3A5E179719654AC700681289</key>
					<dict>
						<key>TestTargetID</key>
						<string>3A5E177C19654AC700681289</string>
					</dict>
				</dict>
			</dict>
			<key>buildConfigurationList</key>
			<string>3A5E177819654AC700681289</string>
			<key>compatibilityVersion</key>
			<string>Xcode 3.2</string>
			<key>developmentRegion</key>
			<string>English</string>
			<key>hasScannedForEncodings</key>
			<string>0</string>
			<key>isa</key>
			<string>PBXProject</string>
			<key>knownRegions</key>
			<array>
				<string>en</string>
				<string>de</string>
			</array>
			<key>mainGroup</key>
			<string>3A5E177419654AC700681289</string>
			<key>productRefGroup</key>
			<string>3A5E177E19654AC700681289</string>
			<key>projectDirPath</key>
			<string></string>
			<key>projectReferences</key>
			<array/>
			<key>projectRoot</key>
			<string></string>
			<key>targets</key>
			<array>
				<string>3A5E177C19654AC700681289</string>
				<string>3A5E179719654AC700681289</string>
			</array>
		</dict>
		<key>3A5E177819654AC700681289</key>
		<dict>
			<key>buildConfigurations</key>
			<array>
				<string>3A5E17A719654AC700681289</string>
				<string>3A5E17A819654AC700681289</string>
			</array>
			<key>defaultConfigurationIsVisible</key>
			<string>0</string>
			<key>defaultConfigurationName</key>
			<string>Release</string>
			<key>isa</key>
			<string>XCConfigurationList</string>
		</dict>
		<key>3A5E177919654AC700681289</key>
		<dict>
			<key>buildActionMask</key>
			<string>2147483647</string>
			<key>files</key>
			<array>
				<string>3AEA37F7199CA763001AAF71</string>
				<string>3A367EBC19921CB1004B6F13</string>
				<string>3A84063619A1F04D007E3A6B</string>
				<string>3AC5A813198FB19C00576854</string>
				<string>3A5E17B119654AED00681289</string>
				<string>3A367EC019921DE2004B6F13</string>
				<string>3A5E21AF196E86E20021CB13</string>
				<string>3AE45F1419A73D3700FFCB3E</string>
				<string>3A5E179119654AC700681289</string>
				<string>3A5E178D19654AC700681289</string>
				<string>3AF7C8FF199A2A8A00CF5B16</string>
				<string>3A367EC31992233E004B6F13</string>
				<string>3A5E17B419654AF900681289</string>
				<string>3A8B67E019A4C21300740724</string>
				<string>3A5E17BA19654B2300681289</string>
			</array>
			<key>isa</key>
			<string>PBXSourcesBuildPhase</string>
			<key>runOnlyForDeploymentPostprocessing</key>
			<string>0</string>
		</dict>
		<key>3A5E177A19654AC700681289</key>
		<dict>
			<key>buildActionMask</key>
			<string>2147483647</string>
			<key>files</key>
			<array>
				<string>3A84064219A206DD007E3A6B</string>
				<string>3A1BB836199BB94B00888298</string>
				<string>3A5E178319654AC700681289</string>
				<string>3AA1C92B1973E15C00695409</string>
				<string>3A5E178519654AC700681289</string>
				<string>3A5E178119654AC700681289</string>
				<string>58F60DB70C28412EA2B6599D</string>
			</array>
			<key>isa</key>
			<string>PBXFrameworksBuildPhase</string>
			<key>runOnlyForDeploymentPostprocessing</key>
			<string>0</string>
		</dict>
		<key>3A5E177B19654AC700681289</key>
		<dict>
			<key>buildActionMask</key>
			<string>2147483647</string>
			<key>files</key>
			<array>
				<string>3A5E178B19654AC700681289</string>
				<string>3AEA37FD199CBD76001AAF71</string>
				<string>3A5E179319654AC700681289</string>
				<string>3A5E17BC19654BBE00681289</string>
			</array>
			<key>isa</key>
			<string>PBXResourcesBuildPhase</string>
			<key>runOnlyForDeploymentPostprocessing</key>
			<string>0</string>
		</dict>
		<key>3A5E177C19654AC700681289</key>
		<dict>
			<key>buildConfigurationList</key>
			<string>3A5E17A919654AC700681289</string>
			<key>buildPhases</key>
			<array>
				<string>377835CA21674B189D0A93A6</string>
				<string>3A5E177919654AC700681289</string>
				<string>3A5E177A19654AC700681289</string>
				<string>3A5E177B19654AC700681289</string>
				<string>7A4093C06BA74ED0B25D7E47</string>
			</array>
			<key>buildRules</key>
			<array/>
			<key>dependencies</key>
			<array/>
			<key>isa</key>
			<string>PBXNativeTarget</string>
			<key>name</key>
			<string>Device Cabinet</string>
			<key>productName</key>
			<string>Device Cabinet</string>
			<key>productReference</key>
			<string>3A5E177D19654AC700681289</string>
			<key>productType</key>
			<string>com.apple.product-type.application</string>
		</dict>
		<key>3A5E177D19654AC700681289</key>
		<dict>
			<key>explicitFileType</key>
			<string>wrapper.application</string>
			<key>includeInIndex</key>
			<string>0</string>
			<key>isa</key>
			<string>PBXFileReference</string>
			<key>path</key>
			<string>Device Cabinet.app</string>
			<key>sourceTree</key>
			<string>BUILT_PRODUCTS_DIR</string>
		</dict>
		<key>3A5E177E19654AC700681289</key>
		<dict>
			<key>children</key>
			<array>
				<string>3A5E177D19654AC700681289</string>
				<string>3A5E179819654AC700681289</string>
			</array>
			<key>isa</key>
			<string>PBXGroup</string>
			<key>name</key>
			<string>Products</string>
			<key>sourceTree</key>
			<string>&lt;group&gt;</string>
		</dict>
		<key>3A5E177F19654AC700681289</key>
		<dict>
			<key>children</key>
			<array>
				<string>3A84064119A206DD007E3A6B</string>
				<string>3A1BB835199BB94B00888298</string>
				<string>3AA1C92A1973E15C00695409</string>
				<string>3A5E178019654AC700681289</string>
				<string>3A5E178219654AC700681289</string>
				<string>3A5E178419654AC700681289</string>
				<string>3A5E179919654AC700681289</string>
				<string>D3A6D4B45940492A9973C4BC</string>
			</array>
			<key>isa</key>
			<string>PBXGroup</string>
			<key>name</key>
			<string>Frameworks</string>
			<key>sourceTree</key>
			<string>&lt;group&gt;</string>
		</dict>
		<key>3A5E178019654AC700681289</key>
		<dict>
			<key>isa</key>
			<string>PBXFileReference</string>
			<key>lastKnownFileType</key>
			<string>wrapper.framework</string>
			<key>name</key>
			<string>Foundation.framework</string>
			<key>path</key>
			<string>System/Library/Frameworks/Foundation.framework</string>
			<key>sourceTree</key>
			<string>SDKROOT</string>
		</dict>
		<key>3A5E178119654AC700681289</key>
		<dict>
			<key>fileRef</key>
			<string>3A5E178019654AC700681289</string>
			<key>isa</key>
			<string>PBXBuildFile</string>
		</dict>
		<key>3A5E178219654AC700681289</key>
		<dict>
			<key>isa</key>
			<string>PBXFileReference</string>
			<key>lastKnownFileType</key>
			<string>wrapper.framework</string>
			<key>name</key>
			<string>CoreGraphics.framework</string>
			<key>path</key>
			<string>System/Library/Frameworks/CoreGraphics.framework</string>
			<key>sourceTree</key>
			<string>SDKROOT</string>
		</dict>
		<key>3A5E178319654AC700681289</key>
		<dict>
			<key>fileRef</key>
			<string>3A5E178219654AC700681289</string>
			<key>isa</key>
			<string>PBXBuildFile</string>
		</dict>
		<key>3A5E178419654AC700681289</key>
		<dict>
			<key>isa</key>
			<string>PBXFileReference</string>
			<key>lastKnownFileType</key>
			<string>wrapper.framework</string>
			<key>name</key>
			<string>UIKit.framework</string>
			<key>path</key>
			<string>System/Library/Frameworks/UIKit.framework</string>
			<key>sourceTree</key>
			<string>SDKROOT</string>
		</dict>
		<key>3A5E178519654AC700681289</key>
		<dict>
			<key>fileRef</key>
			<string>3A5E178419654AC700681289</string>
			<key>isa</key>
			<string>PBXBuildFile</string>
		</dict>
		<key>3A5E178619654AC700681289</key>
		<dict>
			<key>children</key>
			<array>
				<string>3A8B67DE19A4C21300740724</string>
				<string>3A8B67DF19A4C21300740724</string>
				<string>3A1BB82A199BA5F600888298</string>
				<string>3A1BB829199BA54D00888298</string>
				<string>3A367EC11992233E004B6F13</string>
				<string>3A367EC21992233E004B6F13</string>
				<string>3AC5A811198FB19C00576854</string>
				<string>3AC5A812198FB19C00576854</string>
				<string>3AEA37FF199CBD76001AAF71</string>
				<string>7D02BFC51973DE7F00E16DE8</string>
				<string>3A5E178F19654AC700681289</string>
				<string>3A5E179019654AC700681289</string>
				<string>3A5E179219654AC700681289</string>
				<string>3A5E178719654AC700681289</string>
			</array>
			<key>isa</key>
			<string>PBXGroup</string>
			<key>path</key>
			<string>Device Cabinet</string>
			<key>sourceTree</key>
			<string>&lt;group&gt;</string>
		</dict>
		<key>3A5E178719654AC700681289</key>
		<dict>
			<key>children</key>
			<array>
				<string>3A5E178819654AC700681289</string>
				<string>3A5E178919654AC700681289</string>
				<string>3A5E178C19654AC700681289</string>
				<string>3A5E178E19654AC700681289</string>
			</array>
			<key>isa</key>
			<string>PBXGroup</string>
			<key>name</key>
			<string>Supporting Files</string>
			<key>sourceTree</key>
			<string>&lt;group&gt;</string>
		</dict>
		<key>3A5E178819654AC700681289</key>
		<dict>
			<key>isa</key>
			<string>PBXFileReference</string>
			<key>lastKnownFileType</key>
			<string>text.plist.xml</string>
			<key>path</key>
			<string>Device Cabinet-Info.plist</string>
			<key>sourceTree</key>
			<string>&lt;group&gt;</string>
		</dict>
		<key>3A5E178919654AC700681289</key>
		<dict>
			<key>children</key>
			<array>
				<string>3A5E178A19654AC700681289</string>
				<string>3AEA37FB199CBD4D001AAF71</string>
			</array>
			<key>isa</key>
			<string>PBXVariantGroup</string>
			<key>name</key>
			<string>InfoPlist.strings</string>
			<key>sourceTree</key>
			<string>&lt;group&gt;</string>
		</dict>
		<key>3A5E178A19654AC700681289</key>
		<dict>
			<key>isa</key>
			<string>PBXFileReference</string>
			<key>lastKnownFileType</key>
			<string>text.plist.strings</string>
			<key>name</key>
			<string>en</string>
			<key>path</key>
			<string>en.lproj/InfoPlist.strings</string>
			<key>sourceTree</key>
			<string>&lt;group&gt;</string>
		</dict>
		<key>3A5E178B19654AC700681289</key>
		<dict>
			<key>fileRef</key>
			<string>3A5E178919654AC700681289</string>
			<key>isa</key>
			<string>PBXBuildFile</string>
		</dict>
		<key>3A5E178C19654AC700681289</key>
		<dict>
			<key>isa</key>
			<string>PBXFileReference</string>
			<key>lastKnownFileType</key>
			<string>sourcecode.c.objc</string>
			<key>path</key>
			<string>main.m</string>
			<key>sourceTree</key>
			<string>&lt;group&gt;</string>
		</dict>
		<key>3A5E178D19654AC700681289</key>
		<dict>
			<key>fileRef</key>
			<string>3A5E178C19654AC700681289</string>
			<key>isa</key>
			<string>PBXBuildFile</string>
		</dict>
		<key>3A5E178E19654AC700681289</key>
		<dict>
			<key>isa</key>
			<string>PBXFileReference</string>
			<key>lastKnownFileType</key>
			<string>sourcecode.c.h</string>
			<key>path</key>
			<string>Device Cabinet-Prefix.pch</string>
			<key>sourceTree</key>
			<string>&lt;group&gt;</string>
		</dict>
		<key>3A5E178F19654AC700681289</key>
		<dict>
			<key>isa</key>
			<string>PBXFileReference</string>
			<key>lastKnownFileType</key>
			<string>sourcecode.c.h</string>
			<key>path</key>
			<string>AppDelegate.h</string>
			<key>sourceTree</key>
			<string>&lt;group&gt;</string>
		</dict>
		<key>3A5E179019654AC700681289</key>
		<dict>
			<key>isa</key>
			<string>PBXFileReference</string>
			<key>lastKnownFileType</key>
			<string>sourcecode.c.objc</string>
			<key>path</key>
			<string>AppDelegate.m</string>
			<key>sourceTree</key>
			<string>&lt;group&gt;</string>
		</dict>
		<key>3A5E179119654AC700681289</key>
		<dict>
			<key>fileRef</key>
			<string>3A5E179019654AC700681289</string>
			<key>isa</key>
			<string>PBXBuildFile</string>
		</dict>
		<key>3A5E179219654AC700681289</key>
		<dict>
			<key>isa</key>
			<string>PBXFileReference</string>
			<key>lastKnownFileType</key>
			<string>folder.assetcatalog</string>
			<key>path</key>
			<string>Images.xcassets</string>
			<key>sourceTree</key>
			<string>&lt;group&gt;</string>
		</dict>
		<key>3A5E179319654AC700681289</key>
		<dict>
			<key>fileRef</key>
			<string>3A5E179219654AC700681289</string>
			<key>isa</key>
			<string>PBXBuildFile</string>
		</dict>
		<key>3A5E179419654AC700681289</key>
		<dict>
			<key>buildActionMask</key>
			<string>2147483647</string>
			<key>files</key>
			<array>
				<string>3AE15A4119AB7BBD0003BF60</string>
				<string>3AE15A3C19AB71D60003BF60</string>
				<string>3AE15A3819AB6D440003BF60</string>
				<string>3AE15A3A19AB6F970003BF60</string>
				<string>3ABD090D19AC715900ED86C0</string>
				<string>3A5E17A619654AC700681289</string>
				<string>3AE15A3E19AB751F0003BF60</string>
			</array>
			<key>isa</key>
			<string>PBXSourcesBuildPhase</string>
			<key>runOnlyForDeploymentPostprocessing</key>
			<string>0</string>
		</dict>
		<key>3A5E179519654AC700681289</key>
		<dict>
			<key>buildActionMask</key>
			<string>2147483647</string>
			<key>files</key>
			<array>
				<string>3A5E179A19654AC700681289</string>
				<string>3A5E179C19654AC700681289</string>
				<string>3A5E179B19654AC700681289</string>
				<string>22BB0258F7FF4740B82A5881</string>
			</array>
			<key>isa</key>
			<string>PBXFrameworksBuildPhase</string>
			<key>runOnlyForDeploymentPostprocessing</key>
			<string>0</string>
		</dict>
		<key>3A5E179619654AC700681289</key>
		<dict>
			<key>buildActionMask</key>
			<string>2147483647</string>
			<key>files</key>
			<array>
				<string>3A5E17A419654AC700681289</string>
			</array>
			<key>isa</key>
			<string>PBXResourcesBuildPhase</string>
			<key>runOnlyForDeploymentPostprocessing</key>
			<string>0</string>
		</dict>
		<key>3A5E179719654AC700681289</key>
		<dict>
			<key>buildConfigurationList</key>
			<string>3A5E17AC19654AC700681289</string>
			<key>buildPhases</key>
			<array>
				<string>167E8FF55A544972B4EA9010</string>
				<string>3A5E179419654AC700681289</string>
				<string>3A5E179519654AC700681289</string>
				<string>3A5E179619654AC700681289</string>
				<string>ADA3C3BE29F04543802640B3</string>
			</array>
			<key>buildRules</key>
			<array/>
			<key>dependencies</key>
			<array>
				<string>3A5E179E19654AC700681289</string>
				<string>3AAC5C9F197E6E49006D26CE</string>
				<string>3AAC5CA1197E6E49006D26CE</string>
				<string>3A1BB832199BB92200888298</string>
				<string>3A1BB834199BB92200888298</string>
			</array>
			<key>isa</key>
			<string>PBXNativeTarget</string>
			<key>name</key>
			<string>Device CabinetTests</string>
			<key>productName</key>
			<string>Device CabinetTests</string>
			<key>productReference</key>
			<string>3A5E179819654AC700681289</string>
			<key>productType</key>
			<string>com.apple.product-type.bundle.unit-test</string>
		</dict>
		<key>3A5E179819654AC700681289</key>
		<dict>
			<key>explicitFileType</key>
			<string>wrapper.cfbundle</string>
			<key>includeInIndex</key>
			<string>0</string>
			<key>isa</key>
			<string>PBXFileReference</string>
			<key>path</key>
			<string>Device CabinetTests.xctest</string>
			<key>sourceTree</key>
			<string>BUILT_PRODUCTS_DIR</string>
		</dict>
		<key>3A5E179919654AC700681289</key>
		<dict>
			<key>isa</key>
			<string>PBXFileReference</string>
			<key>lastKnownFileType</key>
			<string>wrapper.framework</string>
			<key>name</key>
			<string>XCTest.framework</string>
			<key>path</key>
			<string>Library/Frameworks/XCTest.framework</string>
			<key>sourceTree</key>
			<string>DEVELOPER_DIR</string>
		</dict>
		<key>3A5E179A19654AC700681289</key>
		<dict>
			<key>fileRef</key>
			<string>3A5E179919654AC700681289</string>
			<key>isa</key>
			<string>PBXBuildFile</string>
		</dict>
		<key>3A5E179B19654AC700681289</key>
		<dict>
			<key>fileRef</key>
			<string>3A5E178019654AC700681289</string>
			<key>isa</key>
			<string>PBXBuildFile</string>
		</dict>
		<key>3A5E179C19654AC700681289</key>
		<dict>
			<key>fileRef</key>
			<string>3A5E178419654AC700681289</string>
			<key>isa</key>
			<string>PBXBuildFile</string>
		</dict>
		<key>3A5E179D19654AC700681289</key>
		<dict>
			<key>containerPortal</key>
			<string>3A5E177519654AC700681289</string>
			<key>isa</key>
			<string>PBXContainerItemProxy</string>
			<key>proxyType</key>
			<string>1</string>
			<key>remoteGlobalIDString</key>
			<string>3A5E177C19654AC700681289</string>
			<key>remoteInfo</key>
			<string>Device Cabinet</string>
		</dict>
		<key>3A5E179E19654AC700681289</key>
		<dict>
			<key>isa</key>
			<string>PBXTargetDependency</string>
			<key>target</key>
			<string>3A5E177C19654AC700681289</string>
			<key>targetProxy</key>
			<string>3A5E179D19654AC700681289</string>
		</dict>
		<key>3A5E179F19654AC700681289</key>
		<dict>
			<key>children</key>
			<array>
				<string>3A5E17A519654AC700681289</string>
				<string>3A5E17A019654AC700681289</string>
				<string>3AE15A3719AB6D440003BF60</string>
				<string>3AE15A3919AB6F970003BF60</string>
				<string>3AE15A3B19AB71D60003BF60</string>
				<string>3AE15A3D19AB751F0003BF60</string>
				<string>3AE15A4019AB7BBD0003BF60</string>
				<string>3ABD090C19AC715900ED86C0</string>
			</array>
			<key>isa</key>
			<string>PBXGroup</string>
			<key>path</key>
			<string>Device CabinetTests</string>
			<key>sourceTree</key>
			<string>&lt;group&gt;</string>
		</dict>
		<key>3A5E17A019654AC700681289</key>
		<dict>
			<key>children</key>
			<array>
				<string>3A5E17A119654AC700681289</string>
				<string>3A5E17A219654AC700681289</string>
			</array>
			<key>isa</key>
			<string>PBXGroup</string>
			<key>name</key>
			<string>Supporting Files</string>
			<key>sourceTree</key>
			<string>&lt;group&gt;</string>
		</dict>
		<key>3A5E17A119654AC700681289</key>
		<dict>
			<key>isa</key>
			<string>PBXFileReference</string>
			<key>lastKnownFileType</key>
			<string>text.plist.xml</string>
			<key>path</key>
			<string>Device CabinetTests-Info.plist</string>
			<key>sourceTree</key>
			<string>&lt;group&gt;</string>
		</dict>
		<key>3A5E17A219654AC700681289</key>
		<dict>
			<key>children</key>
			<array>
				<string>3A5E17A319654AC700681289</string>
				<string>3AEA37FC199CBD4D001AAF71</string>
			</array>
			<key>isa</key>
			<string>PBXVariantGroup</string>
			<key>name</key>
			<string>InfoPlist.strings</string>
			<key>sourceTree</key>
			<string>&lt;group&gt;</string>
		</dict>
		<key>3A5E17A319654AC700681289</key>
		<dict>
			<key>isa</key>
			<string>PBXFileReference</string>
			<key>lastKnownFileType</key>
			<string>text.plist.strings</string>
			<key>name</key>
			<string>en</string>
			<key>path</key>
			<string>en.lproj/InfoPlist.strings</string>
			<key>sourceTree</key>
			<string>&lt;group&gt;</string>
		</dict>
		<key>3A5E17A419654AC700681289</key>
		<dict>
			<key>fileRef</key>
			<string>3A5E17A219654AC700681289</string>
			<key>isa</key>
			<string>PBXBuildFile</string>
		</dict>
		<key>3A5E17A519654AC700681289</key>
		<dict>
			<key>isa</key>
			<string>PBXFileReference</string>
			<key>lastKnownFileType</key>
			<string>sourcecode.c.objc</string>
			<key>path</key>
			<string>Device_CabinetTests.m</string>
			<key>sourceTree</key>
			<string>&lt;group&gt;</string>
		</dict>
		<key>3A5E17A619654AC700681289</key>
		<dict>
			<key>fileRef</key>
			<string>3A5E17A519654AC700681289</string>
			<key>isa</key>
			<string>PBXBuildFile</string>
		</dict>
		<key>3A5E17A719654AC700681289</key>
		<dict>
			<key>buildSettings</key>
			<dict>
				<key>ALWAYS_SEARCH_USER_PATHS</key>
				<string>NO</string>
				<key>CLANG_CXX_LANGUAGE_STANDARD</key>
				<string>gnu++0x</string>
				<key>CLANG_CXX_LIBRARY</key>
				<string>libc++</string>
				<key>CLANG_ENABLE_MODULES</key>
				<string>YES</string>
				<key>CLANG_ENABLE_OBJC_ARC</key>
				<string>YES</string>
				<key>CLANG_WARN_BOOL_CONVERSION</key>
				<string>YES</string>
				<key>CLANG_WARN_CONSTANT_CONVERSION</key>
				<string>YES</string>
				<key>CLANG_WARN_DIRECT_OBJC_ISA_USAGE</key>
				<string>YES_ERROR</string>
				<key>CLANG_WARN_EMPTY_BODY</key>
				<string>YES</string>
				<key>CLANG_WARN_ENUM_CONVERSION</key>
				<string>YES</string>
				<key>CLANG_WARN_INT_CONVERSION</key>
				<string>YES</string>
				<key>CLANG_WARN_OBJC_ROOT_CLASS</key>
				<string>YES_ERROR</string>
				<key>CLANG_WARN__DUPLICATE_METHOD_MATCH</key>
				<string>YES</string>
				<key>CODE_SIGN_IDENTITY[sdk=iphoneos*]</key>
				<string>iPhone Developer</string>
				<key>COPY_PHASE_STRIP</key>
				<string>NO</string>
				<key>GCC_C_LANGUAGE_STANDARD</key>
				<string>gnu99</string>
				<key>GCC_DYNAMIC_NO_PIC</key>
				<string>NO</string>
				<key>GCC_OPTIMIZATION_LEVEL</key>
				<string>0</string>
				<key>GCC_PREPROCESSOR_DEFINITIONS</key>
				<array>
					<string>DEBUG=1</string>
					<string>$(inherited)</string>
				</array>
				<key>GCC_SYMBOLS_PRIVATE_EXTERN</key>
				<string>NO</string>
				<key>GCC_WARN_64_TO_32_BIT_CONVERSION</key>
				<string>YES</string>
				<key>GCC_WARN_ABOUT_RETURN_TYPE</key>
				<string>YES_ERROR</string>
				<key>GCC_WARN_UNDECLARED_SELECTOR</key>
				<string>YES</string>
				<key>GCC_WARN_UNINITIALIZED_AUTOS</key>
				<string>YES_AGGRESSIVE</string>
				<key>GCC_WARN_UNUSED_FUNCTION</key>
				<string>YES</string>
				<key>GCC_WARN_UNUSED_VARIABLE</key>
				<string>YES</string>
				<key>IPHONEOS_DEPLOYMENT_TARGET</key>
				<string>7.1</string>
				<key>ONLY_ACTIVE_ARCH</key>
				<string>YES</string>
				<key>SDKROOT</key>
				<string>iphoneos</string>
			</dict>
			<key>isa</key>
			<string>XCBuildConfiguration</string>
			<key>name</key>
			<string>Debug</string>
		</dict>
		<key>3A5E17A819654AC700681289</key>
		<dict>
			<key>buildSettings</key>
			<dict>
				<key>ALWAYS_SEARCH_USER_PATHS</key>
				<string>NO</string>
				<key>CLANG_CXX_LANGUAGE_STANDARD</key>
				<string>gnu++0x</string>
				<key>CLANG_CXX_LIBRARY</key>
				<string>libc++</string>
				<key>CLANG_ENABLE_MODULES</key>
				<string>YES</string>
				<key>CLANG_ENABLE_OBJC_ARC</key>
				<string>YES</string>
				<key>CLANG_WARN_BOOL_CONVERSION</key>
				<string>YES</string>
				<key>CLANG_WARN_CONSTANT_CONVERSION</key>
				<string>YES</string>
				<key>CLANG_WARN_DIRECT_OBJC_ISA_USAGE</key>
				<string>YES_ERROR</string>
				<key>CLANG_WARN_EMPTY_BODY</key>
				<string>YES</string>
				<key>CLANG_WARN_ENUM_CONVERSION</key>
				<string>YES</string>
				<key>CLANG_WARN_INT_CONVERSION</key>
				<string>YES</string>
				<key>CLANG_WARN_OBJC_ROOT_CLASS</key>
				<string>YES_ERROR</string>
				<key>CLANG_WARN__DUPLICATE_METHOD_MATCH</key>
				<string>YES</string>
				<key>CODE_SIGN_IDENTITY[sdk=iphoneos*]</key>
				<string>iPhone Developer</string>
				<key>COPY_PHASE_STRIP</key>
				<string>YES</string>
				<key>ENABLE_NS_ASSERTIONS</key>
				<string>NO</string>
				<key>GCC_C_LANGUAGE_STANDARD</key>
				<string>gnu99</string>
				<key>GCC_WARN_64_TO_32_BIT_CONVERSION</key>
				<string>YES</string>
				<key>GCC_WARN_ABOUT_RETURN_TYPE</key>
				<string>YES_ERROR</string>
				<key>GCC_WARN_UNDECLARED_SELECTOR</key>
				<string>YES</string>
				<key>GCC_WARN_UNINITIALIZED_AUTOS</key>
				<string>YES_AGGRESSIVE</string>
				<key>GCC_WARN_UNUSED_FUNCTION</key>
				<string>YES</string>
				<key>GCC_WARN_UNUSED_VARIABLE</key>
				<string>YES</string>
				<key>IPHONEOS_DEPLOYMENT_TARGET</key>
				<string>7.1</string>
				<key>SDKROOT</key>
				<string>iphoneos</string>
				<key>VALIDATE_PRODUCT</key>
				<string>YES</string>
			</dict>
			<key>isa</key>
			<string>XCBuildConfiguration</string>
			<key>name</key>
			<string>Release</string>
		</dict>
		<key>3A5E17A919654AC700681289</key>
		<dict>
			<key>buildConfigurations</key>
			<array>
				<string>3A5E17AA19654AC700681289</string>
				<string>3A5E17AB19654AC700681289</string>
			</array>
			<key>defaultConfigurationIsVisible</key>
			<string>0</string>
			<key>defaultConfigurationName</key>
			<string>Release</string>
			<key>isa</key>
			<string>XCConfigurationList</string>
		</dict>
		<key>3A5E17AA19654AC700681289</key>
		<dict>
			<key>baseConfigurationReference</key>
			<string>19E8A0D3227D45BBA4DD749B</string>
			<key>buildSettings</key>
			<dict>
				<key>ASSETCATALOG_COMPILER_APPICON_NAME</key>
				<string>AppIcon</string>
				<key>ASSETCATALOG_COMPILER_LAUNCHIMAGE_NAME</key>
				<string>LaunchImage</string>
				<key>CODE_SIGN_ENTITLEMENTS</key>
				<string>Device Cabinet/Device Cabinet.entitlements</string>
				<key>CODE_SIGN_IDENTITY</key>
				<string>iPhone Developer</string>
				<key>CODE_SIGN_IDENTITY[sdk=iphoneos*]</key>
				<string>iPhone Developer</string>
				<key>GCC_PRECOMPILE_PREFIX_HEADER</key>
				<string>YES</string>
				<key>GCC_PREFIX_HEADER</key>
				<string>Device Cabinet/Device Cabinet-Prefix.pch</string>
				<key>INFOPLIST_FILE</key>
				<string>Device Cabinet/Device Cabinet-Info.plist</string>
				<key>IPHONEOS_DEPLOYMENT_TARGET</key>
				<string>8.0</string>
				<key>PRODUCT_NAME</key>
				<string>$(TARGET_NAME)</string>
				<key>PROVISIONING_PROFILE</key>
				<string></string>
				<key>WRAPPER_EXTENSION</key>
				<string>app</string>
			</dict>
			<key>isa</key>
			<string>XCBuildConfiguration</string>
			<key>name</key>
			<string>Debug</string>
		</dict>
		<key>3A5E17AB19654AC700681289</key>
		<dict>
			<key>baseConfigurationReference</key>
			<string>19E8A0D3227D45BBA4DD749B</string>
			<key>buildSettings</key>
			<dict>
				<key>ASSETCATALOG_COMPILER_APPICON_NAME</key>
				<string>AppIcon</string>
				<key>ASSETCATALOG_COMPILER_LAUNCHIMAGE_NAME</key>
				<string>LaunchImage</string>
				<key>CODE_SIGN_ENTITLEMENTS</key>
				<string>Device Cabinet/Device Cabinet.entitlements</string>
				<key>CODE_SIGN_IDENTITY</key>
				<string>iPhone Developer</string>
				<key>CODE_SIGN_IDENTITY[sdk=iphoneos*]</key>
				<string>iPhone Developer</string>
				<key>GCC_PRECOMPILE_PREFIX_HEADER</key>
				<string>YES</string>
				<key>GCC_PREFIX_HEADER</key>
				<string>Device Cabinet/Device Cabinet-Prefix.pch</string>
				<key>INFOPLIST_FILE</key>
				<string>Device Cabinet/Device Cabinet-Info.plist</string>
				<key>IPHONEOS_DEPLOYMENT_TARGET</key>
				<string>8.0</string>
				<key>PRODUCT_NAME</key>
				<string>$(TARGET_NAME)</string>
				<key>PROVISIONING_PROFILE</key>
				<string></string>
				<key>WRAPPER_EXTENSION</key>
				<string>app</string>
			</dict>
			<key>isa</key>
			<string>XCBuildConfiguration</string>
			<key>name</key>
			<string>Release</string>
		</dict>
		<key>3A5E17AC19654AC700681289</key>
		<dict>
			<key>buildConfigurations</key>
			<array>
				<string>3A5E17AD19654AC700681289</string>
				<string>3A5E17AE19654AC700681289</string>
			</array>
			<key>defaultConfigurationIsVisible</key>
			<string>0</string>
			<key>defaultConfigurationName</key>
			<string>Release</string>
			<key>isa</key>
			<string>XCConfigurationList</string>
		</dict>
		<key>3A5E17AD19654AC700681289</key>
		<dict>
			<key>baseConfigurationReference</key>
			<string>19E8A0D3227D45BBA4DD749B</string>
			<key>buildSettings</key>
			<dict>
				<key>BUNDLE_LOADER</key>
				<string>$(BUILT_PRODUCTS_DIR)/Device Cabinet.app/Device Cabinet</string>
				<key>FRAMEWORK_SEARCH_PATHS</key>
				<array>
					<string>$(SDKROOT)/Developer/Library/Frameworks</string>
					<string>$(inherited)</string>
					<string>$(DEVELOPER_FRAMEWORKS_DIR)</string>
				</array>
				<key>GCC_PRECOMPILE_PREFIX_HEADER</key>
				<string>YES</string>
				<key>GCC_PREFIX_HEADER</key>
				<string>Device Cabinet/Device Cabinet-Prefix.pch</string>
				<key>GCC_PREPROCESSOR_DEFINITIONS</key>
				<array>
					<string>DEBUG=1</string>
					<string>$(inherited)</string>
				</array>
				<key>INFOPLIST_FILE</key>
				<string>Device CabinetTests/Device CabinetTests-Info.plist</string>
				<key>PRODUCT_NAME</key>
				<string>$(TARGET_NAME)</string>
				<key>TEST_HOST</key>
				<string>$(BUNDLE_LOADER)</string>
				<key>WRAPPER_EXTENSION</key>
				<string>xctest</string>
			</dict>
			<key>isa</key>
			<string>XCBuildConfiguration</string>
			<key>name</key>
			<string>Debug</string>
		</dict>
		<key>3A5E17AE19654AC700681289</key>
		<dict>
			<key>baseConfigurationReference</key>
			<string>19E8A0D3227D45BBA4DD749B</string>
			<key>buildSettings</key>
			<dict>
				<key>BUNDLE_LOADER</key>
				<string>$(BUILT_PRODUCTS_DIR)/Device Cabinet.app/Device Cabinet</string>
				<key>FRAMEWORK_SEARCH_PATHS</key>
				<array>
					<string>$(SDKROOT)/Developer/Library/Frameworks</string>
					<string>$(inherited)</string>
					<string>$(DEVELOPER_FRAMEWORKS_DIR)</string>
				</array>
				<key>GCC_PRECOMPILE_PREFIX_HEADER</key>
				<string>YES</string>
				<key>GCC_PREFIX_HEADER</key>
				<string>Device Cabinet/Device Cabinet-Prefix.pch</string>
				<key>INFOPLIST_FILE</key>
				<string>Device CabinetTests/Device CabinetTests-Info.plist</string>
				<key>PRODUCT_NAME</key>
				<string>$(TARGET_NAME)</string>
				<key>TEST_HOST</key>
				<string>$(BUNDLE_LOADER)</string>
				<key>WRAPPER_EXTENSION</key>
				<string>xctest</string>
			</dict>
			<key>isa</key>
			<string>XCBuildConfiguration</string>
			<key>name</key>
			<string>Release</string>
		</dict>
		<key>3A5E17AF19654AED00681289</key>
		<dict>
			<key>fileEncoding</key>
			<string>4</string>
			<key>isa</key>
			<string>PBXFileReference</string>
			<key>lastKnownFileType</key>
			<string>sourcecode.c.h</string>
			<key>path</key>
			<string>Person.h</string>
			<key>sourceTree</key>
			<string>&lt;group&gt;</string>
		</dict>
		<key>3A5E17B019654AED00681289</key>
		<dict>
			<key>fileEncoding</key>
			<string>4</string>
			<key>isa</key>
			<string>PBXFileReference</string>
			<key>lastKnownFileType</key>
			<string>sourcecode.c.objc</string>
			<key>path</key>
			<string>Person.m</string>
			<key>sourceTree</key>
			<string>&lt;group&gt;</string>
		</dict>
		<key>3A5E17B119654AED00681289</key>
		<dict>
			<key>fileRef</key>
			<string>3A5E17B019654AED00681289</string>
			<key>isa</key>
			<string>PBXBuildFile</string>
		</dict>
		<key>3A5E17B219654AF900681289</key>
		<dict>
			<key>fileEncoding</key>
			<string>4</string>
			<key>isa</key>
			<string>PBXFileReference</string>
			<key>lastKnownFileType</key>
			<string>sourcecode.c.h</string>
			<key>path</key>
			<string>Device.h</string>
			<key>sourceTree</key>
			<string>&lt;group&gt;</string>
		</dict>
		<key>3A5E17B319654AF900681289</key>
		<dict>
			<key>fileEncoding</key>
			<string>4</string>
			<key>isa</key>
			<string>PBXFileReference</string>
			<key>lastKnownFileType</key>
			<string>sourcecode.c.objc</string>
			<key>path</key>
			<string>Device.m</string>
			<key>sourceTree</key>
			<string>&lt;group&gt;</string>
		</dict>
		<key>3A5E17B419654AF900681289</key>
		<dict>
			<key>fileRef</key>
			<string>3A5E17B319654AF900681289</string>
			<key>isa</key>
			<string>PBXBuildFile</string>
		</dict>
		<key>3A5E17B819654B2300681289</key>
		<dict>
			<key>fileEncoding</key>
			<string>4</string>
			<key>isa</key>
			<string>PBXFileReference</string>
			<key>lastKnownFileType</key>
			<string>sourcecode.c.h</string>
			<key>name</key>
			<string>CreatePersonViewController.h</string>
			<key>path</key>
			<string>../CreatePersonViewController.h</string>
			<key>sourceTree</key>
			<string>&lt;group&gt;</string>
		</dict>
		<key>3A5E17B919654B2300681289</key>
		<dict>
			<key>fileEncoding</key>
			<string>4</string>
			<key>isa</key>
			<string>PBXFileReference</string>
			<key>lastKnownFileType</key>
			<string>sourcecode.c.objc</string>
			<key>name</key>
			<string>CreatePersonViewController.m</string>
			<key>path</key>
			<string>../CreatePersonViewController.m</string>
			<key>sourceTree</key>
			<string>&lt;group&gt;</string>
		</dict>
		<key>3A5E17BA19654B2300681289</key>
		<dict>
			<key>fileRef</key>
			<string>3A5E17B919654B2300681289</string>
			<key>isa</key>
			<string>PBXBuildFile</string>
		</dict>
		<key>3A5E17BB19654BBE00681289</key>
		<dict>
			<key>fileEncoding</key>
			<string>4</string>
			<key>isa</key>
			<string>PBXFileReference</string>
			<key>lastKnownFileType</key>
			<string>file.storyboard</string>
			<key>name</key>
			<string>Main.storyboard</string>
			<key>path</key>
			<string>Device Cabinet/Main.storyboard</string>
			<key>sourceTree</key>
			<string>&lt;group&gt;</string>
		</dict>
		<key>3A5E17BC19654BBE00681289</key>
		<dict>
			<key>fileRef</key>
			<string>3A5E17BB19654BBE00681289</string>
			<key>isa</key>
			<string>PBXBuildFile</string>
		</dict>
		<key>3A5E21AD196E86E20021CB13</key>
		<dict>
			<key>fileEncoding</key>
			<string>4</string>
			<key>isa</key>
			<string>PBXFileReference</string>
			<key>lastKnownFileType</key>
			<string>sourcecode.c.h</string>
			<key>path</key>
			<string>CreateDeviceViewController.h</string>
			<key>sourceTree</key>
			<string>SOURCE_ROOT</string>
		</dict>
		<key>3A5E21AE196E86E20021CB13</key>
		<dict>
			<key>fileEncoding</key>
			<string>4</string>
			<key>isa</key>
			<string>PBXFileReference</string>
			<key>lastKnownFileType</key>
			<string>sourcecode.c.objc</string>
			<key>path</key>
			<string>CreateDeviceViewController.m</string>
			<key>sourceTree</key>
			<string>SOURCE_ROOT</string>
		</dict>
		<key>3A5E21AF196E86E20021CB13</key>
		<dict>
			<key>fileRef</key>
			<string>3A5E21AE196E86E20021CB13</string>
			<key>isa</key>
			<string>PBXBuildFile</string>
		</dict>
		<key>3A84063419A1F04D007E3A6B</key>
		<dict>
			<key>fileEncoding</key>
			<string>4</string>
			<key>isa</key>
			<string>PBXFileReference</string>
			<key>lastKnownFileType</key>
			<string>sourcecode.c.h</string>
			<key>path</key>
			<string>UIdGenerator.h</string>
			<key>sourceTree</key>
			<string>&lt;group&gt;</string>
		</dict>
		<key>3A84063519A1F04D007E3A6B</key>
		<dict>
			<key>fileEncoding</key>
			<string>4</string>
			<key>isa</key>
			<string>PBXFileReference</string>
			<key>lastKnownFileType</key>
			<string>sourcecode.c.objc</string>
			<key>path</key>
			<string>UIdGenerator.m</string>
			<key>sourceTree</key>
			<string>&lt;group&gt;</string>
		</dict>
		<key>3A84063619A1F04D007E3A6B</key>
		<dict>
			<key>fileRef</key>
			<string>3A84063519A1F04D007E3A6B</string>
			<key>isa</key>
			<string>PBXBuildFile</string>
		</dict>
		<key>3A84063A19A1F5F4007E3A6B</key>
		<dict>
			<key>children</key>
			<array>
				<string>3A84064319A208F4007E3A6B</string>
				<string>3A84064419A208F4007E3A6B</string>
				<string>3A84063419A1F04D007E3A6B</string>
				<string>3A84063519A1F04D007E3A6B</string>
			</array>
			<key>isa</key>
			<string>PBXGroup</string>
			<key>name</key>
			<string>DeviceId</string>
			<key>sourceTree</key>
			<string>&lt;group&gt;</string>
		</dict>
		<key>3A84064119A206DD007E3A6B</key>
		<dict>
			<key>isa</key>
			<string>PBXFileReference</string>
			<key>lastKnownFileType</key>
			<string>wrapper.framework</string>
			<key>name</key>
			<string>Security.framework</string>
			<key>path</key>
			<string>System/Library/Frameworks/Security.framework</string>
			<key>sourceTree</key>
			<string>SDKROOT</string>
		</dict>
		<key>3A84064219A206DD007E3A6B</key>
		<dict>
			<key>fileRef</key>
			<string>3A84064119A206DD007E3A6B</string>
			<key>isa</key>
			<string>PBXBuildFile</string>
		</dict>
		<key>3A84064319A208F4007E3A6B</key>
		<dict>
			<key>fileEncoding</key>
			<string>4</string>
			<key>isa</key>
			<string>PBXFileReference</string>
			<key>lastKnownFileType</key>
			<string>sourcecode.c.h</string>
			<key>name</key>
			<string>KeychainItemWrapper.h</string>
			<key>path</key>
			<string>../../Downloads/gist1170641-521eec26e5ab95870af6a810665861deec14c5e9/KeychainItemWrapper.h</string>
			<key>sourceTree</key>
			<string>&lt;group&gt;</string>
		</dict>
		<key>3A84064419A208F4007E3A6B</key>
		<dict>
			<key>fileEncoding</key>
			<string>4</string>
			<key>isa</key>
			<string>PBXFileReference</string>
			<key>lastKnownFileType</key>
			<string>sourcecode.c.objc</string>
			<key>name</key>
			<string>KeychainItemWrapper.m</string>
			<key>path</key>
			<string>../../Downloads/gist1170641-521eec26e5ab95870af6a810665861deec14c5e9/KeychainItemWrapper.m</string>
			<key>sourceTree</key>
			<string>&lt;group&gt;</string>
		</dict>
		<key>3A8B67DE19A4C21300740724</key>
		<dict>
			<key>fileEncoding</key>
			<string>4</string>
			<key>isa</key>
			<string>PBXFileReference</string>
			<key>lastKnownFileType</key>
			<string>sourcecode.c.h</string>
			<key>name</key>
			<string>StartViewController.h</string>
			<key>path</key>
			<string>../StartViewController.h</string>
			<key>sourceTree</key>
			<string>&lt;group&gt;</string>
		</dict>
		<key>3A8B67DF19A4C21300740724</key>
		<dict>
			<key>fileEncoding</key>
			<string>4</string>
			<key>isa</key>
			<string>PBXFileReference</string>
			<key>lastKnownFileType</key>
			<string>sourcecode.c.objc</string>
			<key>name</key>
			<string>StartViewController.m</string>
			<key>path</key>
			<string>../StartViewController.m</string>
			<key>sourceTree</key>
			<string>&lt;group&gt;</string>
		</dict>
		<key>3A8B67E019A4C21300740724</key>
		<dict>
			<key>fileRef</key>
			<string>3A8B67DF19A4C21300740724</string>
			<key>isa</key>
			<string>PBXBuildFile</string>
		</dict>
		<key>3AA1C92A1973E15C00695409</key>
		<dict>
			<key>isa</key>
			<string>PBXFileReference</string>
			<key>lastKnownFileType</key>
			<string>wrapper.framework</string>
			<key>name</key>
			<string>CloudKit.framework</string>
			<key>path</key>
			<string>System/Library/Frameworks/CloudKit.framework</string>
			<key>sourceTree</key>
			<string>SDKROOT</string>
		</dict>
		<key>3AA1C92B1973E15C00695409</key>
		<dict>
			<key>fileRef</key>
			<string>3AA1C92A1973E15C00695409</string>
			<key>isa</key>
			<string>PBXBuildFile</string>
		</dict>
		<key>3AAC5C9E197E6E49006D26CE</key>
		<dict>
			<key>containerPortal</key>
			<string>3A5E177519654AC700681289</string>
			<key>isa</key>
			<string>PBXContainerItemProxy</string>
			<key>proxyType</key>
			<string>1</string>
			<key>remoteGlobalIDString</key>
			<string>3A5E177C19654AC700681289</string>
			<key>remoteInfo</key>
			<string>Device Cabinet</string>
		</dict>
		<key>3AAC5C9F197E6E49006D26CE</key>
		<dict>
			<key>isa</key>
			<string>PBXTargetDependency</string>
			<key>target</key>
			<string>3A5E177C19654AC700681289</string>
			<key>targetProxy</key>
			<string>3AAC5C9E197E6E49006D26CE</string>
		</dict>
		<key>3AAC5CA0197E6E49006D26CE</key>
		<dict>
			<key>containerPortal</key>
			<string>3A5E177519654AC700681289</string>
			<key>isa</key>
			<string>PBXContainerItemProxy</string>
			<key>proxyType</key>
			<string>1</string>
			<key>remoteGlobalIDString</key>
			<string>3A5E177C19654AC700681289</string>
			<key>remoteInfo</key>
			<string>Device Cabinet</string>
		</dict>
		<key>3AAC5CA1197E6E49006D26CE</key>
		<dict>
			<key>isa</key>
			<string>PBXTargetDependency</string>
			<key>target</key>
			<string>3A5E177C19654AC700681289</string>
			<key>targetProxy</key>
			<string>3AAC5CA0197E6E49006D26CE</string>
		</dict>
		<key>3AB5D5DE19A3484200D71CD2</key>
		<dict>
			<key>isa</key>
			<string>PBXFileReference</string>
			<key>lastKnownFileType</key>
			<string>text.plist.strings</string>
			<key>name</key>
			<string>de</string>
			<key>path</key>
			<string>de.lproj/Localizable.strings</string>
			<key>sourceTree</key>
			<string>&lt;group&gt;</string>
		</dict>
		<key>3ABD090C19AC715900ED86C0</key>
		<dict>
			<key>fileEncoding</key>
			<string>4</string>
			<key>isa</key>
			<string>PBXFileReference</string>
			<key>lastKnownFileType</key>
			<string>sourcecode.c.objc</string>
			<key>path</key>
			<string>CloudKitManagerTestCase.m</string>
			<key>sourceTree</key>
			<string>&lt;group&gt;</string>
		</dict>
		<key>3ABD090D19AC715900ED86C0</key>
		<dict>
			<key>fileRef</key>
			<string>3ABD090C19AC715900ED86C0</string>
			<key>isa</key>
			<string>PBXBuildFile</string>
		</dict>
		<key>3AC5A811198FB19C00576854</key>
		<dict>
			<key>fileEncoding</key>
			<string>4</string>
			<key>isa</key>
			<string>PBXFileReference</string>
			<key>lastKnownFileType</key>
			<string>sourcecode.c.h</string>
			<key>name</key>
			<string>OverviewViewController.h</string>
			<key>path</key>
			<string>../OverviewViewController.h</string>
			<key>sourceTree</key>
			<string>&lt;group&gt;</string>
		</dict>
		<key>3AC5A812198FB19C00576854</key>
		<dict>
			<key>fileEncoding</key>
			<string>4</string>
			<key>isa</key>
			<string>PBXFileReference</string>
			<key>lastKnownFileType</key>
			<string>sourcecode.c.objc</string>
			<key>name</key>
			<string>OverviewViewController.m</string>
			<key>path</key>
			<string>../OverviewViewController.m</string>
			<key>sourceTree</key>
			<string>&lt;group&gt;</string>
		</dict>
		<key>3AC5A813198FB19C00576854</key>
		<dict>
			<key>fileRef</key>
			<string>3AC5A812198FB19C00576854</string>
			<key>isa</key>
			<string>PBXBuildFile</string>
		</dict>
		<key>3AE15A3719AB6D440003BF60</key>
		<dict>
			<key>fileEncoding</key>
			<string>4</string>
			<key>isa</key>
			<string>PBXFileReference</string>
			<key>lastKnownFileType</key>
			<string>sourcecode.c.objc</string>
			<key>path</key>
			<string>PersonTestCase.m</string>
			<key>sourceTree</key>
			<string>&lt;group&gt;</string>
		</dict>
		<key>3AE15A3819AB6D440003BF60</key>
		<dict>
			<key>fileRef</key>
			<string>3AE15A3719AB6D440003BF60</string>
			<key>isa</key>
			<string>PBXBuildFile</string>
		</dict>
		<key>3AE15A3919AB6F970003BF60</key>
		<dict>
			<key>fileEncoding</key>
			<string>4</string>
			<key>isa</key>
			<string>PBXFileReference</string>
			<key>lastKnownFileType</key>
			<string>sourcecode.c.objc</string>
			<key>path</key>
			<string>ErrorMapperTestCase.m</string>
			<key>sourceTree</key>
			<string>&lt;group&gt;</string>
		</dict>
		<key>3AE15A3A19AB6F970003BF60</key>
		<dict>
			<key>fileRef</key>
			<string>3AE15A3919AB6F970003BF60</string>
			<key>isa</key>
			<string>PBXBuildFile</string>
		</dict>
		<key>3AE15A3B19AB71D60003BF60</key>
		<dict>
			<key>fileEncoding</key>
			<string>4</string>
			<key>isa</key>
			<string>PBXFileReference</string>
			<key>lastKnownFileType</key>
			<string>sourcecode.c.objc</string>
			<key>path</key>
			<string>UserDefaultsTestCase.m</string>
			<key>sourceTree</key>
			<string>&lt;group&gt;</string>
		</dict>
		<key>3AE15A3C19AB71D60003BF60</key>
		<dict>
			<key>fileRef</key>
			<string>3AE15A3B19AB71D60003BF60</string>
			<key>isa</key>
			<string>PBXBuildFile</string>
		</dict>
		<key>3AE15A3D19AB751F0003BF60</key>
		<dict>
			<key>fileEncoding</key>
			<string>4</string>
			<key>isa</key>
			<string>PBXFileReference</string>
			<key>lastKnownFileType</key>
			<string>sourcecode.c.objc</string>
			<key>path</key>
			<string>UIdGeneratorTestCase.m</string>
			<key>sourceTree</key>
			<string>&lt;group&gt;</string>
		</dict>
		<key>3AE15A3E19AB751F0003BF60</key>
		<dict>
			<key>fileRef</key>
			<string>3AE15A3D19AB751F0003BF60</string>
			<key>isa</key>
			<string>PBXBuildFile</string>
		</dict>
		<key>3AE15A3F19AB7A390003BF60</key>
		<dict>
			<key>children</key>
			<array>
				<string>3AE45F1219A73D3700FFCB3E</string>
				<string>3AE45F1319A73D3700FFCB3E</string>
			</array>
			<key>isa</key>
			<string>PBXGroup</string>
			<key>name</key>
			<string>ErrorMapping</string>
			<key>sourceTree</key>
			<string>&lt;group&gt;</string>
		</dict>
		<key>3AE15A4019AB7BBD0003BF60</key>
		<dict>
			<key>fileEncoding</key>
			<string>4</string>
			<key>isa</key>
			<string>PBXFileReference</string>
			<key>lastKnownFileType</key>
			<string>sourcecode.c.objc</string>
			<key>path</key>
			<string>DeviceViewTestCase.m</string>
			<key>sourceTree</key>
			<string>&lt;group&gt;</string>
		</dict>
		<key>3AE15A4119AB7BBD0003BF60</key>
		<dict>
			<key>fileRef</key>
			<string>3AE15A4019AB7BBD0003BF60</string>
			<key>isa</key>
			<string>PBXBuildFile</string>
		</dict>
		<key>3AE45F1219A73D3700FFCB3E</key>
		<dict>
			<key>fileEncoding</key>
			<string>4</string>
			<key>isa</key>
			<string>PBXFileReference</string>
			<key>lastKnownFileType</key>
			<string>sourcecode.c.h</string>
			<key>path</key>
			<string>ErrorMapper.h</string>
			<key>sourceTree</key>
			<string>&lt;group&gt;</string>
		</dict>
		<key>3AE45F1319A73D3700FFCB3E</key>
		<dict>
			<key>fileEncoding</key>
			<string>4</string>
			<key>isa</key>
			<string>PBXFileReference</string>
			<key>lastKnownFileType</key>
			<string>sourcecode.c.objc</string>
			<key>path</key>
			<string>ErrorMapper.m</string>
			<key>sourceTree</key>
			<string>&lt;group&gt;</string>
		</dict>
		<key>3AE45F1419A73D3700FFCB3E</key>
		<dict>
			<key>fileRef</key>
			<string>3AE45F1319A73D3700FFCB3E</string>
			<key>isa</key>
			<string>PBXBuildFile</string>
		</dict>
		<key>3AEA37F5199CA763001AAF71</key>
		<dict>
			<key>fileEncoding</key>
			<string>4</string>
			<key>isa</key>
			<string>PBXFileReference</string>
			<key>lastKnownFileType</key>
			<string>sourcecode.c.h</string>
			<key>path</key>
			<string>UserDefaults.h</string>
			<key>sourceTree</key>
			<string>&lt;group&gt;</string>
		</dict>
		<key>3AEA37F6199CA763001AAF71</key>
		<dict>
			<key>fileEncoding</key>
			<string>4</string>
			<key>isa</key>
			<string>PBXFileReference</string>
			<key>lastKnownFileType</key>
			<string>sourcecode.c.objc</string>
			<key>path</key>
			<string>UserDefaults.m</string>
			<key>sourceTree</key>
			<string>&lt;group&gt;</string>
		</dict>
		<key>3AEA37F7199CA763001AAF71</key>
		<dict>
			<key>fileRef</key>
			<string>3AEA37F6199CA763001AAF71</string>
			<key>isa</key>
			<string>PBXBuildFile</string>
		</dict>
		<key>3AEA37F8199CAC33001AAF71</key>
		<dict>
			<key>children</key>
			<array>
				<string>3AEA37F5199CA763001AAF71</string>
				<string>3AEA37F6199CA763001AAF71</string>
			</array>
			<key>isa</key>
			<string>PBXGroup</string>
			<key>name</key>
			<string>UserDefaults</string>
			<key>sourceTree</key>
			<string>&lt;group&gt;</string>
		</dict>
		<key>3AEA37FB199CBD4D001AAF71</key>
		<dict>
			<key>isa</key>
			<string>PBXFileReference</string>
			<key>lastKnownFileType</key>
			<string>text.plist.strings</string>
			<key>name</key>
			<string>de</string>
			<key>path</key>
			<string>de.lproj/InfoPlist.strings</string>
			<key>sourceTree</key>
			<string>&lt;group&gt;</string>
		</dict>
		<key>3AEA37FC199CBD4D001AAF71</key>
		<dict>
			<key>isa</key>
			<string>PBXFileReference</string>
			<key>lastKnownFileType</key>
			<string>text.plist.strings</string>
			<key>name</key>
			<string>de</string>
			<key>path</key>
			<string>de.lproj/InfoPlist.strings</string>
			<key>sourceTree</key>
			<string>&lt;group&gt;</string>
		</dict>
		<key>3AEA37FD199CBD76001AAF71</key>
		<dict>
			<key>fileRef</key>
			<string>3AEA37FF199CBD76001AAF71</string>
			<key>isa</key>
			<string>PBXBuildFile</string>
		</dict>
		<key>3AEA37FF199CBD76001AAF71</key>
		<dict>
			<key>children</key>
			<array>
				<string>3AB5D5DE19A3484200D71CD2</string>
				<string>9562A03B19A3C96800233528</string>
			</array>
			<key>isa</key>
			<string>PBXVariantGroup</string>
			<key>name</key>
			<string>Localizable.strings</string>
			<key>sourceTree</key>
			<string>&lt;group&gt;</string>
		</dict>
		<key>3AF7C8FD199A2A8A00CF5B16</key>
		<dict>
			<key>fileEncoding</key>
			<string>4</string>
			<key>isa</key>
			<string>PBXFileReference</string>
			<key>lastKnownFileType</key>
			<string>sourcecode.c.h</string>
			<key>name</key>
			<string>LogInViewController.h</string>
			<key>path</key>
			<string>../LogInViewController.h</string>
			<key>sourceTree</key>
			<string>&lt;group&gt;</string>
		</dict>
		<key>3AF7C8FE199A2A8A00CF5B16</key>
		<dict>
			<key>fileEncoding</key>
			<string>4</string>
			<key>isa</key>
			<string>PBXFileReference</string>
			<key>lastKnownFileType</key>
			<string>sourcecode.c.objc</string>
			<key>name</key>
			<string>LogInViewController.m</string>
			<key>path</key>
			<string>../LogInViewController.m</string>
			<key>sourceTree</key>
			<string>&lt;group&gt;</string>
		</dict>
		<key>3AF7C8FF199A2A8A00CF5B16</key>
		<dict>
			<key>fileRef</key>
			<string>3AF7C8FE199A2A8A00CF5B16</string>
			<key>isa</key>
			<string>PBXBuildFile</string>
		</dict>
		<key>58F60DB70C28412EA2B6599D</key>
		<dict>
			<key>fileRef</key>
			<string>D3A6D4B45940492A9973C4BC</string>
			<key>isa</key>
			<string>PBXBuildFile</string>
		</dict>
		<key>7A4093C06BA74ED0B25D7E47</key>
		<dict>
			<key>buildActionMask</key>
			<string>2147483647</string>
			<key>files</key>
			<array/>
			<key>inputPaths</key>
			<array/>
			<key>isa</key>
			<string>PBXShellScriptBuildPhase</string>
			<key>name</key>
			<string>Copy Pods Resources</string>
			<key>outputPaths</key>
			<array/>
			<key>runOnlyForDeploymentPostprocessing</key>
			<string>0</string>
			<key>shellPath</key>
			<string>/bin/sh</string>
			<key>shellScript</key>
			<string>"${SRCROOT}/Pods/Pods-resources.sh"
</string>
			<key>showEnvVarsInLog</key>
			<string>0</string>
		</dict>
		<key>7D02BFC51973DE7F00E16DE8</key>
		<dict>
			<key>isa</key>
			<string>PBXFileReference</string>
			<key>lastKnownFileType</key>
			<string>text.xml</string>
			<key>path</key>
			<string>Device Cabinet.entitlements</string>
			<key>sourceTree</key>
			<string>&lt;group&gt;</string>
		</dict>
		<key>9562A03B19A3C96800233528</key>
		<dict>
			<key>isa</key>
			<string>PBXFileReference</string>
			<key>lastKnownFileType</key>
			<string>text.plist.strings</string>
			<key>name</key>
			<string>en</string>
			<key>path</key>
			<string>en.lproj/Localizable.strings</string>
			<key>sourceTree</key>
			<string>&lt;group&gt;</string>
		</dict>
		<key>ADA3C3BE29F04543802640B3</key>
		<dict>
			<key>buildActionMask</key>
			<string>2147483647</string>
			<key>files</key>
			<array/>
			<key>inputPaths</key>
			<array/>
			<key>isa</key>
			<string>PBXShellScriptBuildPhase</string>
			<key>name</key>
			<string>Copy Pods Resources</string>
			<key>outputPaths</key>
			<array/>
			<key>runOnlyForDeploymentPostprocessing</key>
			<string>0</string>
			<key>shellPath</key>
			<string>/bin/sh</string>
			<key>shellScript</key>
			<string>"${SRCROOT}/Pods/Pods-resources.sh"
</string>
			<key>showEnvVarsInLog</key>
			<string>0</string>
		</dict>
		<key>D3A6D4B45940492A9973C4BC</key>
		<dict>
			<key>explicitFileType</key>
			<string>archive.ar</string>
			<key>includeInIndex</key>
			<string>0</string>
			<key>isa</key>
			<string>PBXFileReference</string>
			<key>path</key>
			<string>libPods.a</string>
			<key>sourceTree</key>
			<string>BUILT_PRODUCTS_DIR</string>
		</dict>
	</dict>
	<key>rootObject</key>
	<string>3A5E177519654AC700681289</string>
</dict>
</plist>
